// !$*UTF8*$!
{
	archiveVersion = 1;
	classes = {
	};
	objectVersion = 46;
	objects = {

/* Begin PBXBuildFile section */
		BC56E4F414D68B800015D1A7 /* Foundation.framework in Frameworks */ = {isa = PBXBuildFile; fileRef = BC56E4F314D68B800015D1A7 /* Foundation.framework */; };
		BC56E4FA14D68B800015D1A7 /* InfoPlist.strings in Resources */ = {isa = PBXBuildFile; fileRef = BC56E4F814D68B800015D1A7 /* InfoPlist.strings */; };
		BC56E50314D68B800015D1A7 /* SenTestingKit.framework in Frameworks */ = {isa = PBXBuildFile; fileRef = BC56E50214D68B800015D1A7 /* SenTestingKit.framework */; };
		BC56E50614D68B800015D1A7 /* Foundation.framework in Frameworks */ = {isa = PBXBuildFile; fileRef = BC56E4F314D68B800015D1A7 /* Foundation.framework */; };
		BC56E50B14D68B800015D1A7 /* Funcky.framework in Frameworks */ = {isa = PBXBuildFile; fileRef = BC56E4F014D68B800015D1A7 /* Funcky.framework */; };
		BC56E51214D68B800015D1A7 /* InfoPlist.strings in Resources */ = {isa = PBXBuildFile; fileRef = BC56E51014D68B800015D1A7 /* InfoPlist.strings */; };
		BC56E51514D68B800015D1A7 /* NSArrayTest.m in Sources */ = {isa = PBXBuildFile; fileRef = BC56E51414D68B800015D1A7 /* NSArrayTest.m */; };
		BC56E52114D68C440015D1A7 /* NSArray+Funcky.m in Sources */ = {isa = PBXBuildFile; fileRef = BC56E51F14D68C440015D1A7 /* NSArray+Funcky.m */; };
		BC7DDBC914D93B1B00D52B79 /* None.h in Headers */ = {isa = PBXBuildFile; fileRef = BC8426D214D71EEC0081C56C /* None.h */; settings = {ATTRIBUTES = (Public, ); }; };
		BC7DDBCA14D93B1F00D52B79 /* Some.h in Headers */ = {isa = PBXBuildFile; fileRef = BC8426D214D71EEC0081C568 /* Some.h */; settings = {ATTRIBUTES = (Public, ); }; };
		BC7DDBCB14D93B2900D52B79 /* Option.h in Headers */ = {isa = PBXBuildFile; fileRef = BC8426D214D71EEC0081C564 /* Option.h */; settings = {ATTRIBUTES = (Public, ); }; };
		BC7DDBCC14D93B2F00D52B79 /* NSDictionary+Funcky.h in Headers */ = {isa = PBXBuildFile; fileRef = BC8426D214D71EEC0081C54B /* NSDictionary+Funcky.h */; settings = {ATTRIBUTES = (Public, ); }; };
		BC7DDBCD14D93B3500D52B79 /* NSArray+Funcky.h in Headers */ = {isa = PBXBuildFile; fileRef = BC56E51E14D68C440015D1A7 /* NSArray+Funcky.h */; settings = {ATTRIBUTES = (Public, ); }; };
		BC7DDBDF14DA03D300D52B79 /* Callables.m in Resources */ = {isa = PBXBuildFile; };
		BC8426CF14D71ED70081C545 /* OCHamcrestIOS.framework in Frameworks */ = {isa = PBXBuildFile; fileRef = BC8426CE14D71ED70081C545 /* OCHamcrestIOS.framework */; };
		BC8426D214D71EEC0081C545 /* libOCMock.a in Frameworks */ = {isa = PBXBuildFile; fileRef = BC8426D114D71EEC0081C545 /* libOCMock.a */; };
		BC8426D214D71EEC0081C547 /* NSDictionaryTest.m in Sources */ = {isa = PBXBuildFile; fileRef = BC8426D214D71EEC0081C546 /* NSDictionaryTest.m */; };
		BC8426D214D71EEC0081C549 /* NSDictionary+Funcky.m in Sources */ = {isa = PBXBuildFile; fileRef = BC8426D214D71EEC0081C548 /* NSDictionary+Funcky.m */; };
		BC8426D214D71EEC0081C563 /* Option.m in Sources */ = {isa = PBXBuildFile; fileRef = BC8426D214D71EEC0081C562 /* Option.m */; };
		BC8426D214D71EEC0081C567 /* Some.m in Sources */ = {isa = PBXBuildFile; fileRef = BC8426D214D71EEC0081C566 /* Some.m */; };
		BC8426D214D71EEC0081C56B /* None.m in Sources */ = {isa = PBXBuildFile; fileRef = BC8426D214D71EEC0081C56A /* None.m */; };
		BC8426D214D71EEC0081C56F /* OptionTest.m in Sources */ = {isa = PBXBuildFile; fileRef = BC8426D214D71EEC0081C56E /* OptionTest.m */; };
		BC8426D214D71EEC0081C571 /* NoSuchElementException.m in Sources */ = {isa = PBXBuildFile; fileRef = BC8426D214D71EEC0081C570 /* NoSuchElementException.m */; };
		BC8426D214D71EEC0081C573 /* NoSuchElementException.h in Headers */ = {isa = PBXBuildFile; fileRef = BC8426D214D71EEC0081C572 /* NoSuchElementException.h */; };
		BC8426D214D71EEC0081C579 /* Mappable.h in Headers */ = {isa = PBXBuildFile; fileRef = BC8426D214D71EEC0081C578 /* Mappable.h */; };
		BC8426D214D71EEC0081C57B /* Callables.m in Sources */ = {isa = PBXBuildFile; fileRef = BC8426D214D71EEC0081C57A /* Callables.m */; };
		BC8426D214D71EEC0081C57E /* Foldable.h in Headers */ = {isa = PBXBuildFile; fileRef = BC8426D214D71EEC0081C57D /* Foldable.h */; };
/* End PBXBuildFile section */

/* Begin PBXContainerItemProxy section */
		BC56E50714D68B800015D1A7 /* PBXContainerItemProxy */ = {
			isa = PBXContainerItemProxy;
			containerPortal = BC56E4E414D68B800015D1A7 /* Project object */;
			proxyType = 1;
			remoteGlobalIDString = BC56E4EF14D68B800015D1A7;
			remoteInfo = Funcky;
		};
		BC56E50914D68B800015D1A7 /* PBXContainerItemProxy */ = {
			isa = PBXContainerItemProxy;
			containerPortal = BC56E4E414D68B800015D1A7 /* Project object */;
			proxyType = 1;
			remoteGlobalIDString = BC56E4EF14D68B800015D1A7;
			remoteInfo = Funcky;
		};
/* End PBXContainerItemProxy section */

/* Begin PBXFileReference section */
		BC56E4F014D68B800015D1A7 /* Funcky.framework */ = {isa = PBXFileReference; explicitFileType = wrapper.framework.static; includeInIndex = 0; path = Funcky.framework; sourceTree = BUILT_PRODUCTS_DIR; };
		BC56E4F314D68B800015D1A7 /* Foundation.framework */ = {isa = PBXFileReference; lastKnownFileType = wrapper.framework; name = Foundation.framework; path = System/Library/Frameworks/Foundation.framework; sourceTree = SDKROOT; };
		BC56E4F714D68B800015D1A7 /* Funcky-Info.plist */ = {isa = PBXFileReference; lastKnownFileType = text.plist.xml; path = "Funcky-Info.plist"; sourceTree = "<group>"; };
		BC56E4F914D68B800015D1A7 /* en */ = {isa = PBXFileReference; lastKnownFileType = text.plist.strings; name = en; path = en.lproj/InfoPlist.strings; sourceTree = "<group>"; };
		BC56E4FB14D68B800015D1A7 /* Funcky-Prefix.pch */ = {isa = PBXFileReference; lastKnownFileType = sourcecode.c.h; path = "Funcky-Prefix.pch"; sourceTree = "<group>"; };
		BC56E50114D68B800015D1A7 /* FunckyTests.octest */ = {isa = PBXFileReference; explicitFileType = wrapper.cfbundle; includeInIndex = 0; path = FunckyTests.octest; sourceTree = BUILT_PRODUCTS_DIR; };
		BC56E50214D68B800015D1A7 /* SenTestingKit.framework */ = {isa = PBXFileReference; lastKnownFileType = wrapper.framework; name = SenTestingKit.framework; path = Library/Frameworks/SenTestingKit.framework; sourceTree = DEVELOPER_DIR; };
		BC56E50F14D68B800015D1A7 /* FunckyTests-Info.plist */ = {isa = PBXFileReference; lastKnownFileType = text.plist.xml; path = "FunckyTests-Info.plist"; sourceTree = "<group>"; };
		BC56E51114D68B800015D1A7 /* en */ = {isa = PBXFileReference; lastKnownFileType = text.plist.strings; name = en; path = en.lproj/InfoPlist.strings; sourceTree = "<group>"; };
		BC56E51414D68B800015D1A7 /* NSArrayTest.m */ = {isa = PBXFileReference; lastKnownFileType = sourcecode.c.objc; path = NSArrayTest.m; sourceTree = "<group>"; };
		BC56E51E14D68C440015D1A7 /* NSArray+Funcky.h */ = {isa = PBXFileReference; fileEncoding = 4; lastKnownFileType = sourcecode.c.h; path = "NSArray+Funcky.h"; sourceTree = "<group>"; };
		BC56E51F14D68C440015D1A7 /* NSArray+Funcky.m */ = {isa = PBXFileReference; fileEncoding = 4; lastKnownFileType = sourcecode.c.objc; path = "NSArray+Funcky.m"; sourceTree = "<group>"; };
		BC8426CE14D71ED70081C545 /* OCHamcrestIOS.framework */ = {isa = PBXFileReference; lastKnownFileType = wrapper.framework; name = OCHamcrestIOS.framework; path = Vendor/Test/OCHamcrestIOS.framework; sourceTree = "<group>"; };
		BC8426D114D71EEC0081C545 /* libOCMock.a */ = {isa = PBXFileReference; lastKnownFileType = archive.ar; name = libOCMock.a; path = Vendor/Test/OCMock/libOCMock.a; sourceTree = "<group>"; };
		BC8426D214D71EEC0081C546 /* NSDictionaryTest.m */ = {isa = PBXFileReference; fileEncoding = 4; lastKnownFileType = sourcecode.c.objc; path = NSDictionaryTest.m; sourceTree = "<group>"; };
		BC8426D214D71EEC0081C548 /* NSDictionary+Funcky.m */ = {isa = PBXFileReference; fileEncoding = 4; lastKnownFileType = sourcecode.c.objc; path = "NSDictionary+Funcky.m"; sourceTree = "<group>"; };
		BC8426D214D71EEC0081C54B /* NSDictionary+Funcky.h */ = {isa = PBXFileReference; fileEncoding = 4; lastKnownFileType = sourcecode.c.h; path = "NSDictionary+Funcky.h"; sourceTree = "<group>"; };
		BC8426D214D71EEC0081C553 /* build.sh */ = {isa = PBXFileReference; fileEncoding = 4; lastKnownFileType = text.script.sh; path = build.sh; sourceTree = "<group>"; };
		BC8426D214D71EEC0081C562 /* Option.m */ = {isa = PBXFileReference; fileEncoding = 4; lastKnownFileType = sourcecode.c.objc; path = Option.m; sourceTree = "<group>"; };
		BC8426D214D71EEC0081C564 /* Option.h */ = {isa = PBXFileReference; fileEncoding = 4; lastKnownFileType = sourcecode.c.h; path = Option.h; sourceTree = "<group>"; };
		BC8426D214D71EEC0081C566 /* Some.m */ = {isa = PBXFileReference; fileEncoding = 4; lastKnownFileType = sourcecode.c.objc; path = Some.m; sourceTree = "<group>"; };
		BC8426D214D71EEC0081C568 /* Some.h */ = {isa = PBXFileReference; fileEncoding = 4; lastKnownFileType = sourcecode.c.h; path = Some.h; sourceTree = "<group>"; };
		BC8426D214D71EEC0081C56A /* None.m */ = {isa = PBXFileReference; fileEncoding = 4; lastKnownFileType = sourcecode.c.objc; path = None.m; sourceTree = "<group>"; };
		BC8426D214D71EEC0081C56C /* None.h */ = {isa = PBXFileReference; fileEncoding = 4; lastKnownFileType = sourcecode.c.h; path = None.h; sourceTree = "<group>"; };
		BC8426D214D71EEC0081C56E /* OptionTest.m */ = {isa = PBXFileReference; fileEncoding = 4; lastKnownFileType = sourcecode.c.objc; path = OptionTest.m; sourceTree = "<group>"; };
		BC8426D214D71EEC0081C570 /* NoSuchElementException.m */ = {isa = PBXFileReference; fileEncoding = 4; lastKnownFileType = sourcecode.c.objc; path = NoSuchElementException.m; sourceTree = "<group>"; };
		BC8426D214D71EEC0081C572 /* NoSuchElementException.h */ = {isa = PBXFileReference; fileEncoding = 4; lastKnownFileType = sourcecode.c.h; path = NoSuchElementException.h; sourceTree = "<group>"; };
		BC8426D214D71EEC0081C578 /* Mappable.h */ = {isa = PBXFileReference; fileEncoding = 4; lastKnownFileType = sourcecode.c.h; path = Mappable.h; sourceTree = "<group>"; };
		BC8426D214D71EEC0081C57A /* Callables.m */ = {isa = PBXFileReference; fileEncoding = 4; lastKnownFileType = sourcecode.c.objc; path = Callables.m; sourceTree = "<group>"; };
		BC8426D214D71EEC0081C57C /* Callables.h */ = {isa = PBXFileReference; fileEncoding = 4; lastKnownFileType = sourcecode.c.h; path = Callables.h; sourceTree = "<group>"; };
		BC8426D214D71EEC0081C57D /* Foldable.h */ = {isa = PBXFileReference; fileEncoding = 4; lastKnownFileType = sourcecode.c.h; path = Foldable.h; sourceTree = "<group>"; };
/* End PBXFileReference section */

/* Begin PBXFrameworksBuildPhase section */
		BC56E4EB14D68B800015D1A7 /* Frameworks */ = {
			isa = PBXFrameworksBuildPhase;
			buildActionMask = 2147483647;
			files = (
				BC56E4F414D68B800015D1A7 /* Foundation.framework in Frameworks */,
			);
			runOnlyForDeploymentPostprocessing = 0;
		};
		BC56E4FD14D68B800015D1A7 /* Frameworks */ = {
			isa = PBXFrameworksBuildPhase;
			buildActionMask = 2147483647;
			files = (
				BC8426D214D71EEC0081C545 /* libOCMock.a in Frameworks */,
				BC8426CF14D71ED70081C545 /* OCHamcrestIOS.framework in Frameworks */,
				BC56E50314D68B800015D1A7 /* SenTestingKit.framework in Frameworks */,
				BC56E50614D68B800015D1A7 /* Foundation.framework in Frameworks */,
				BC56E50B14D68B800015D1A7 /* Funcky.framework in Frameworks */,
			);
			runOnlyForDeploymentPostprocessing = 0;
		};
/* End PBXFrameworksBuildPhase section */

/* Begin PBXGroup section */
		BC56E4E214D68B800015D1A7 = {
			isa = PBXGroup;
			children = (
				BC8426D214D71EEC0081C553 /* build.sh */,
				BC56E4F514D68B800015D1A7 /* Funcky */,
				BC56E50D14D68B800015D1A7 /* FunckyTests */,
				BC56E4F214D68B800015D1A7 /* Frameworks */,
				BC56E4F114D68B800015D1A7 /* Products */,
				BC56E52214D68C440015D1A8 /* Vendor */,
			);
			sourceTree = "<group>";
		};
		BC56E4F114D68B800015D1A7 /* Products */ = {
			isa = PBXGroup;
			children = (
				BC56E4F014D68B800015D1A7 /* Funcky.framework */,
				BC56E50114D68B800015D1A7 /* FunckyTests.octest */,
			);
			name = Products;
			sourceTree = "<group>";
		};
		BC56E4F214D68B800015D1A7 /* Frameworks */ = {
			isa = PBXGroup;
			children = (
				BC8426D114D71EEC0081C545 /* libOCMock.a */,
				BC8426CE14D71ED70081C545 /* OCHamcrestIOS.framework */,
				BC56E4F314D68B800015D1A7 /* Foundation.framework */,
				BC56E50214D68B800015D1A7 /* SenTestingKit.framework */,
			);
			name = Frameworks;
			sourceTree = "<group>";
		};
		BC56E4F514D68B800015D1A7 /* Funcky */ = {
			isa = PBXGroup;
			children = (
				BC8426D214D71EEC0081C57D /* Foldable.h */,
				BC8426D214D71EEC0081C578 /* Mappable.h */,
				BC8426D214D71EEC0081C572 /* NoSuchElementException.h */,
				BC8426D214D71EEC0081C570 /* NoSuchElementException.m */,
				BC8426D214D71EEC0081C56C /* None.h */,
				BC8426D214D71EEC0081C56A /* None.m */,
				BC8426D214D71EEC0081C568 /* Some.h */,
				BC8426D214D71EEC0081C566 /* Some.m */,
				BC8426D214D71EEC0081C564 /* Option.h */,
				BC8426D214D71EEC0081C562 /* Option.m */,
				BC8426D214D71EEC0081C54B /* NSDictionary+Funcky.h */,
				BC8426D214D71EEC0081C548 /* NSDictionary+Funcky.m */,
				BC56E4F614D68B800015D1A7 /* Supporting Files */,
				BC56E51E14D68C440015D1A7 /* NSArray+Funcky.h */,
				BC56E51F14D68C440015D1A7 /* NSArray+Funcky.m */,
			);
			path = Funcky;
			sourceTree = "<group>";
		};
		BC56E4F614D68B800015D1A7 /* Supporting Files */ = {
			isa = PBXGroup;
			children = (
				BC56E4F714D68B800015D1A7 /* Funcky-Info.plist */,
				BC56E4F814D68B800015D1A7 /* InfoPlist.strings */,
				BC56E4FB14D68B800015D1A7 /* Funcky-Prefix.pch */,
			);
			name = "Supporting Files";
			sourceTree = "<group>";
		};
		BC56E50D14D68B800015D1A7 /* FunckyTests */ = {
			isa = PBXGroup;
			children = (
				BC8426D214D71EEC0081C57C /* Callables.h */,
				BC8426D214D71EEC0081C57A /* Callables.m */,
				BC8426D214D71EEC0081C56E /* OptionTest.m */,
				BC8426D214D71EEC0081C546 /* NSDictionaryTest.m */,
				BC56E51414D68B800015D1A7 /* NSArrayTest.m */,
				BC56E50E14D68B800015D1A7 /* Supporting Files */,
			);
			path = FunckyTests;
			sourceTree = "<group>";
		};
		BC56E50E14D68B800015D1A7 /* Supporting Files */ = {
			isa = PBXGroup;
			children = (
				BC56E50F14D68B800015D1A7 /* FunckyTests-Info.plist */,
				BC56E51014D68B800015D1A7 /* InfoPlist.strings */,
			);
			name = "Supporting Files";
			sourceTree = "<group>";
		};
		BC56E52214D68C440015D1A8 /* Vendor */ = {
			isa = PBXGroup;
			children = (
				BC56E52214D68C440015D1A9 /* Test */,
			);
			path = Vendor;
			sourceTree = "<group>";
		};
		BC56E52214D68C440015D1A9 /* Test */ = {
			isa = PBXGroup;
			children = (
			);
			path = Test;
			sourceTree = "<group>";
		};
/* End PBXGroup section */

/* Begin PBXHeadersBuildPhase section */
		BC7DDBC814D93AF500D52B79 /* Headers */ = {
			isa = PBXHeadersBuildPhase;
			buildActionMask = 2147483647;
			files = (
				BC7DDBC914D93B1B00D52B79 /* None.h in Headers */,
				BC7DDBCA14D93B1F00D52B79 /* Some.h in Headers */,
				BC7DDBCB14D93B2900D52B79 /* Option.h in Headers */,
				BC7DDBCC14D93B2F00D52B79 /* NSDictionary+Funcky.h in Headers */,
				BC7DDBCD14D93B3500D52B79 /* NSArray+Funcky.h in Headers */,
				BC8426D214D71EEC0081C573 /* NoSuchElementException.h in Headers */,
				BC8426D214D71EEC0081C579 /* Mappable.h in Headers */,
				BC8426D214D71EEC0081C57E /* Foldable.h in Headers */,
			);
			runOnlyForDeploymentPostprocessing = 0;
		};
/* End PBXHeadersBuildPhase section */

/* Begin PBXNativeTarget section */
		BC56E4EF14D68B800015D1A7 /* Funcky */ = {
			isa = PBXNativeTarget;
			buildConfigurationList = BC56E51814D68B800015D1A7 /* Build configuration list for PBXNativeTarget "Funcky" */;
			buildPhases = (
				BC56E4E914D68B800015D1A7 /* ShellScript */,
				BC56E4EA14D68B800015D1A7 /* Sources */,
				BC56E4EB14D68B800015D1A7 /* Frameworks */,
				BC56E4ED14D68B800015D1A7 /* Resources */,
				BC56E4EE14D68B800015D1A7 /* ShellScript */,
				BC7DDBC814D93AF500D52B79 /* Headers */,
			);
			buildRules = (
			);
			dependencies = (
			);
			name = Funcky;
			productName = Funcky;
			productReference = BC56E4F014D68B800015D1A7 /* Funcky.framework */;
			productType = "com.apple.product-type.framework.static";
		};
		BC56E50014D68B800015D1A7 /* FunckyTests */ = {
			isa = PBXNativeTarget;
			buildConfigurationList = BC56E51B14D68B800015D1A7 /* Build configuration list for PBXNativeTarget "FunckyTests" */;
			buildPhases = (
				BC56E4FC14D68B800015D1A7 /* Sources */,
				BC56E4FD14D68B800015D1A7 /* Frameworks */,
				BC56E4FE14D68B800015D1A7 /* Resources */,
				BC56E4FF14D68B800015D1A7 /* ShellScript */,
			);
			buildRules = (
			);
			dependencies = (
				BC56E50814D68B800015D1A7 /* PBXTargetDependency */,
				BC56E50A14D68B800015D1A7 /* PBXTargetDependency */,
			);
			name = FunckyTests;
			productName = FunckyTests;
			productReference = BC56E50114D68B800015D1A7 /* FunckyTests.octest */;
			productType = "com.apple.product-type.bundle";
		};
/* End PBXNativeTarget section */

/* Begin PBXProject section */
		BC56E4E414D68B800015D1A7 /* Project object */ = {
			isa = PBXProject;
			attributes = {
				LastUpgradeCheck = 0420;
			};
			buildConfigurationList = BC56E4E714D68B800015D1A7 /* Build configuration list for PBXProject "Funcky" */;
			compatibilityVersion = "Xcode 3.2";
			developmentRegion = English;
			hasScannedForEncodings = 0;
			knownRegions = (
				en,
			);
			mainGroup = BC56E4E214D68B800015D1A7;
			productRefGroup = BC56E4F114D68B800015D1A7 /* Products */;
			projectDirPath = "";
			projectRoot = "";
			targets = (
				BC56E4EF14D68B800015D1A7 /* Funcky */,
				BC56E50014D68B800015D1A7 /* FunckyTests */,
			);
		};
/* End PBXProject section */

/* Begin PBXResourcesBuildPhase section */
		BC56E4ED14D68B800015D1A7 /* Resources */ = {
			isa = PBXResourcesBuildPhase;
			buildActionMask = 2147483647;
			files = (
				BC56E4FA14D68B800015D1A7 /* InfoPlist.strings in Resources */,
			);
			runOnlyForDeploymentPostprocessing = 0;
		};
		BC56E4FE14D68B800015D1A7 /* Resources */ = {
			isa = PBXResourcesBuildPhase;
			buildActionMask = 2147483647;
			files = (
				BC56E51214D68B800015D1A7 /* InfoPlist.strings in Resources */,
				BC7DDBDF14DA03D300D52B79 /* Callables.m in Resources */,
			);
			runOnlyForDeploymentPostprocessing = 0;
		};
/* End PBXResourcesBuildPhase section */

/* Begin PBXShellScriptBuildPhase section */
		BC56E4E914D68B800015D1A7 /* ShellScript */ = {
			isa = PBXShellScriptBuildPhase;
			buildActionMask = 2147483647;
			files = (
			);
			inputPaths = (
			);
			outputPaths = (
			);
			runOnlyForDeploymentPostprocessing = 0;
			shellPath = /bin/sh;
			shellScript = "set -e\n\nset +u\nif [[ $UFW_MASTER_SCRIPT_RUNNING ]]\nthen\n    # Nothing for the slave script to do\n    exit 0\nfi\nset -u\n\nif [[ \"$SDK_NAME\" =~ ([A-Za-z]+) ]]\nthen\n    UFW_SDK_PLATFORM=${BASH_REMATCH[1]}\nelse\n    echo \"Could not find platform name from SDK_NAME: $SDK_NAME\"\n    exit 1\nfi\n\nif [[ \"$SDK_NAME\" =~ ([0-9]+.*$) ]]\nthen\n\tUFW_SDK_VERSION=${BASH_REMATCH[1]}\nelse\n    echo \"Could not find sdk version  from SDK_NAME: $SDK_NAME\"\n    exit 1\nfi\n\nif [[ \"$UFW_SDK_PLATFORM\" = \"iphoneos\" ]]\nthen\n    UFW_OTHER_PLATFORM=iphonesimulator\nelse\n    UFW_OTHER_PLATFORM=iphoneos\nfi\n\nif [[ \"$BUILT_PRODUCTS_DIR\" =~ (.*)$UFW_SDK_PLATFORM$ ]]\nthen\n    UFW_OTHER_BUILT_PRODUCTS_DIR=\"${BASH_REMATCH[1]}${UFW_OTHER_PLATFORM}\"\nelse\n    echo \"Could not find $UFW_SDK_PLATFORM in $BUILT_PRODUCTS_DIR\"\n    exit 1\nfi\n\nONLY_ACTIVE_PLATFORM=${ONLY_ACTIVE_PLATFORM:-$ONLY_ACTIVE_ARCH}\n\n# Short-circuit if all binaries are up to date\n\nif [[ -f \"${BUILT_PRODUCTS_DIR}/${EXECUTABLE_PATH}\" ]] && \\\n   [[ -f \"${BUILT_PRODUCTS_DIR}/${PRODUCT_NAME}.embeddedframework/${EXECUTABLE_PATH}\" ]] && \\\n   [[ ! \"${BUILT_PRODUCTS_DIR}/${EXECUTABLE_PATH}\" -nt \"${BUILT_PRODUCTS_DIR}/${PRODUCT_NAME}.embeddedframework/${EXECUTABLE_PATH}\" ]] && \\\n  ([[ \"${ONLY_ACTIVE_PLATFORM}\" == \"YES\" ]] || \\\n    ([[ -f \"${UFW_OTHER_BUILT_PRODUCTS_DIR}/${EXECUTABLE_PATH}\" ]] && \\\n     [[ -f \"${UFW_OTHER_BUILT_PRODUCTS_DIR}/${PRODUCT_NAME}.embeddedframework/${EXECUTABLE_PATH}\" ]] && \\\n     [[ ! \"${UFW_OTHER_BUILT_PRODUCTS_DIR}/${EXECUTABLE_PATH}\" -nt \"${UFW_OTHER_BUILT_PRODUCTS_DIR}/${PRODUCT_NAME}.embeddedframework/${EXECUTABLE_PATH}\" ]]\n    )\n  )\nthen\n    exit 0\nfi\n\n\n# Clean other platform if needed\n\nif [[ ! -f \"${BUILT_PRODUCTS_DIR}/${EXECUTABLE_PATH}\" ]] && [[ \"${ONLY_ACTIVE_PLATFORM}\" != \"YES\" ]]\nthen\n\techo \"Platform \\\"$UFW_SDK_PLATFORM\\\" was cleaned recently. Cleaning \\\"$UFW_OTHER_PLATFORM\\\" as well\"\n\techo xcodebuild -project \"${PROJECT_FILE_PATH}\" -target \"${TARGET_NAME}\" -configuration \"${CONFIGURATION}\" -sdk ${UFW_OTHER_PLATFORM}${UFW_SDK_VERSION} BUILD_DIR=\"${BUILD_DIR}\" CONFIGURATION_TEMP_DIR=\"${PROJECT_TEMP_DIR}/${CONFIGURATION}-${UFW_OTHER_PLATFORM}\" clean\n\txcodebuild -project \"${PROJECT_FILE_PATH}\" -target \"${TARGET_NAME}\" -configuration \"${CONFIGURATION}\" -sdk ${UFW_OTHER_PLATFORM}${UFW_SDK_VERSION} BUILD_DIR=\"${BUILD_DIR}\" CONFIGURATION_TEMP_DIR=\"${PROJECT_TEMP_DIR}/${CONFIGURATION}-${UFW_OTHER_PLATFORM}\" clean\nfi\n\n\n# Make sure we are building from fresh binaries\n\nrm -rf \"${BUILT_PRODUCTS_DIR}/${EXECUTABLE_PATH}\"\nrm -rf \"${BUILT_PRODUCTS_DIR}/${PRODUCT_NAME}.embeddedframework\"\n\nif [[ \"${ONLY_ACTIVE_PLATFORM}\" != \"YES\" ]]\nthen\n    rm -rf \"${UFW_OTHER_BUILT_PRODUCTS_DIR}/${EXECUTABLE_PATH}\"\n    rm -rf \"${UFW_OTHER_BUILT_PRODUCTS_DIR}/${PRODUCT_NAME}.embeddedframework\"\nfi\n";
		};
		BC56E4EE14D68B800015D1A7 /* ShellScript */ = {
			isa = PBXShellScriptBuildPhase;
			buildActionMask = 2147483647;
			files = (
			);
			inputPaths = (
			);
			outputPaths = (
			);
			runOnlyForDeploymentPostprocessing = 0;
			shellPath = /bin/sh;
			shellScript = "set -e\n\nset +u\nif [[ $UFW_MASTER_SCRIPT_RUNNING ]]\nthen\n    # Nothing for the slave script to do\n    exit 0\nfi\nset -u\nexport UFW_MASTER_SCRIPT_RUNNING=1\n\n\n# Functions\n\n## List files in the specified directory, storing to the specified array.\n#\n# @param $1 The path to list\n# @param $2 The name of the array to fill\n#\n##\nlist_files ()\n{\n    filelist=$(ls \"$1\")\n    while read line\n    do\n        eval \"$2[\\${#$2[*]}]=\\\"\\$line\\\"\"\n    done <<< \"$filelist\"\n}\n\n\n# Sanity check\n\nif [[ ! -f \"${BUILT_PRODUCTS_DIR}/${EXECUTABLE_PATH}\" ]]\nthen\n    echo \"Framework target \\\"${TARGET_NAME}\\\" had no source files to build from. Make sure your source files have the correct target membership\"\n    exit 1\nfi\n\n\n# Gather information\n\nif [[ \"$SDK_NAME\" =~ ([A-Za-z]+) ]]\nthen\n    UFW_SDK_PLATFORM=${BASH_REMATCH[1]}\nelse\n    echo \"Could not find platform name from SDK_NAME: $SDK_NAME\"\n    exit 1\nfi\n\nif [[ \"$SDK_NAME\" =~ ([0-9]+.*$) ]]\nthen\n    UFW_SDK_VERSION=${BASH_REMATCH[1]}\nelse\n    echo \"Could not find sdk version from SDK_NAME: $SDK_NAME\"\n    exit 1\nfi\n\nif [[ \"$UFW_SDK_PLATFORM\" = \"iphoneos\" ]]\nthen\n    UFW_OTHER_PLATFORM=iphonesimulator\nelse\n    UFW_OTHER_PLATFORM=iphoneos\nfi\n\nif [[ \"$BUILT_PRODUCTS_DIR\" =~ (.*)$UFW_SDK_PLATFORM$ ]]\nthen\n    UFW_OTHER_BUILT_PRODUCTS_DIR=\"${BASH_REMATCH[1]}${UFW_OTHER_PLATFORM}\"\nelse\n    echo \"Could not find $UFW_SDK_PLATFORM in $BUILT_PRODUCTS_DIR\"\n    exit 1\nfi\n\nONLY_ACTIVE_PLATFORM=${ONLY_ACTIVE_PLATFORM:-$ONLY_ACTIVE_ARCH}\n\n# Short-circuit if all binaries are up to date.\n# We already checked the other platform in the prerun script.\n\nif [[ -f \"${BUILT_PRODUCTS_DIR}/${EXECUTABLE_PATH}\" ]] && [[ -f \"${BUILT_PRODUCTS_DIR}/${PRODUCT_NAME}.embeddedframework/${EXECUTABLE_PATH}\" ]] && [[ ! \"${BUILT_PRODUCTS_DIR}/${EXECUTABLE_PATH}\" -nt \"${BUILT_PRODUCTS_DIR}/${PRODUCT_NAME}.embeddedframework/${EXECUTABLE_PATH}\" ]]\nthen\n    exit 0\nfi\n\nif [ \"${ONLY_ACTIVE_PLATFORM}\" == \"YES\" ]\nthen\n    echo \"ONLY_ACTIVE_PLATFORM=${ONLY_ACTIVE_PLATFORM}: Skipping other platform build\"\nelse\n    # Make sure the other platform gets built\n    \n    echo \"Build other platform\"\n    \n    echo xcodebuild -project \"${PROJECT_FILE_PATH}\" -target \"${TARGET_NAME}\" -configuration \"${CONFIGURATION}\" -sdk ${UFW_OTHER_PLATFORM}${UFW_SDK_VERSION} BUILD_DIR=\"${BUILD_DIR}\" CONFIGURATION_TEMP_DIR=\"${PROJECT_TEMP_DIR}/${CONFIGURATION}-${UFW_OTHER_PLATFORM}\" $ACTION\n    xcodebuild -project \"${PROJECT_FILE_PATH}\" -target \"${TARGET_NAME}\" -configuration \"${CONFIGURATION}\" -sdk ${UFW_OTHER_PLATFORM}${UFW_SDK_VERSION} BUILD_DIR=\"${BUILD_DIR}\" CONFIGURATION_TEMP_DIR=\"${PROJECT_TEMP_DIR}/${CONFIGURATION}-${UFW_OTHER_PLATFORM}\" $ACTION\n    \n    \n    # Build the fat static library binary\n    \n    echo \"Create universal static library\"\n    \n    echo \"$PLATFORM_DEVELOPER_BIN_DIR/libtool\" -static \"${BUILT_PRODUCTS_DIR}/${EXECUTABLE_PATH}\" \"${UFW_OTHER_BUILT_PRODUCTS_DIR}/${EXECUTABLE_PATH}\" -o \"${BUILT_PRODUCTS_DIR}/${EXECUTABLE_PATH}.temp\"\n    \"$PLATFORM_DEVELOPER_BIN_DIR/libtool\" -static \"${BUILT_PRODUCTS_DIR}/${EXECUTABLE_PATH}\" \"${UFW_OTHER_BUILT_PRODUCTS_DIR}/${EXECUTABLE_PATH}\" -o \"${BUILT_PRODUCTS_DIR}/${EXECUTABLE_PATH}.temp\"\n    \n    echo mv \"${BUILT_PRODUCTS_DIR}/${EXECUTABLE_PATH}.temp\" \"${BUILT_PRODUCTS_DIR}/${EXECUTABLE_PATH}\"\n    mv \"${BUILT_PRODUCTS_DIR}/${EXECUTABLE_PATH}.temp\" \"${BUILT_PRODUCTS_DIR}/${EXECUTABLE_PATH}\"\nfi\n\n# Build embedded framework structure\n\necho \"Build Embedded Framework\"\n\necho rm -rf \"${BUILT_PRODUCTS_DIR}/${PRODUCT_NAME}.embeddedframework\"\nrm -rf \"${BUILT_PRODUCTS_DIR}/${PRODUCT_NAME}.embeddedframework\"\necho mkdir -p \"${BUILT_PRODUCTS_DIR}/${PRODUCT_NAME}.embeddedframework/Resources\"\nmkdir -p \"${BUILT_PRODUCTS_DIR}/${PRODUCT_NAME}.embeddedframework/Resources\"\necho cp -a \"${BUILT_PRODUCTS_DIR}/${WRAPPER_NAME}\" \"${BUILT_PRODUCTS_DIR}/${PRODUCT_NAME}.embeddedframework/\"\ncp -a \"${BUILT_PRODUCTS_DIR}/${WRAPPER_NAME}\" \"${BUILT_PRODUCTS_DIR}/${PRODUCT_NAME}.embeddedframework/\"\n\ndeclare -a UFW_FILE_LIST\nlist_files \"${BUILT_PRODUCTS_DIR}/${UNLOCALIZED_RESOURCES_FOLDER_PATH}\" UFW_FILE_LIST\nfor filename in \"${UFW_FILE_LIST[@]}\"\ndo\n    if [[ \"${filename}\" != \"Info.plist\" ]] && [[ ! \"${filename}\" =~ .*\\.lproj$ ]]\n    then\n        echo ln -sf \"../${WRAPPER_NAME}/Resources/${filename}\" \"${BUILT_PRODUCTS_DIR}/${PRODUCT_NAME}.embeddedframework/Resources/${filename}\"\n        ln -sf \"../${WRAPPER_NAME}/Resources/${filename}\" \"${BUILT_PRODUCTS_DIR}/${PRODUCT_NAME}.embeddedframework/Resources/${filename}\"\n    fi\ndone\n\n\nif [ \"${ONLY_ACTIVE_PLATFORM}\" != \"YES\" ]\nthen\n    # Replace other platform's framework with a copy of this one (so that both have the same universal binary)\n    \n    echo \"Copy from $UFW_SDK_PLATFORM to $UFW_OTHER_PLATFORM\"\n    \n    echo rm -rf \"${BUILD_DIR}/${CONFIGURATION}-${UFW_OTHER_PLATFORM}\"\n    rm -rf \"${BUILD_DIR}/${CONFIGURATION}-${UFW_OTHER_PLATFORM}\"\n    echo cp -a \"${BUILD_DIR}/${CONFIGURATION}-${UFW_SDK_PLATFORM}\" \"${BUILD_DIR}/${CONFIGURATION}-${UFW_OTHER_PLATFORM}\"\n    cp -a \"${BUILD_DIR}/${CONFIGURATION}-${UFW_SDK_PLATFORM}\" \"${BUILD_DIR}/${CONFIGURATION}-${UFW_OTHER_PLATFORM}\"\nfi\n";
		};
		BC56E4FF14D68B800015D1A7 /* ShellScript */ = {
			isa = PBXShellScriptBuildPhase;
			buildActionMask = 2147483647;
			files = (
			);
			inputPaths = (
			);
			outputPaths = (
			);
			runOnlyForDeploymentPostprocessing = 0;
			shellPath = /bin/sh;
			shellScript = "# Run the unit tests in this test bundle.\n\"${SYSTEM_DEVELOPER_DIR}/Tools/RunUnitTests\"\n";
		};
/* End PBXShellScriptBuildPhase section */

/* Begin PBXSourcesBuildPhase section */
		BC56E4EA14D68B800015D1A7 /* Sources */ = {
			isa = PBXSourcesBuildPhase;
			buildActionMask = 2147483647;
			files = (
				BC56E52114D68C440015D1A7 /* NSArray+Funcky.m in Sources */,
				BC8426D214D71EEC0081C549 /* NSDictionary+Funcky.m in Sources */,
				BC8426D214D71EEC0081C563 /* Option.m in Sources */,
				BC8426D214D71EEC0081C567 /* Some.m in Sources */,
				BC8426D214D71EEC0081C56B /* None.m in Sources */,
				BC8426D214D71EEC0081C571 /* NoSuchElementException.m in Sources */,
			);
			runOnlyForDeploymentPostprocessing = 0;
		};
		BC56E4FC14D68B800015D1A7 /* Sources */ = {
			isa = PBXSourcesBuildPhase;
			buildActionMask = 2147483647;
			files = (
				BC56E51514D68B800015D1A7 /* NSArrayTest.m in Sources */,
				BC8426D214D71EEC0081C547 /* NSDictionaryTest.m in Sources */,
				BC8426D214D71EEC0081C56F /* OptionTest.m in Sources */,
				BC8426D214D71EEC0081C57B /* Callables.m in Sources */,
			);
			runOnlyForDeploymentPostprocessing = 0;
		};
/* End PBXSourcesBuildPhase section */

/* Begin PBXTargetDependency section */
		BC56E50814D68B800015D1A7 /* PBXTargetDependency */ = {
			isa = PBXTargetDependency;
			target = BC56E4EF14D68B800015D1A7 /* Funcky */;
			targetProxy = BC56E50714D68B800015D1A7 /* PBXContainerItemProxy */;
		};
		BC56E50A14D68B800015D1A7 /* PBXTargetDependency */ = {
			isa = PBXTargetDependency;
			target = BC56E4EF14D68B800015D1A7 /* Funcky */;
			targetProxy = BC56E50914D68B800015D1A7 /* PBXContainerItemProxy */;
		};
/* End PBXTargetDependency section */

/* Begin PBXVariantGroup section */
		BC56E4F814D68B800015D1A7 /* InfoPlist.strings */ = {
			isa = PBXVariantGroup;
			children = (
				BC56E4F914D68B800015D1A7 /* en */,
			);
			name = InfoPlist.strings;
			sourceTree = "<group>";
		};
		BC56E51014D68B800015D1A7 /* InfoPlist.strings */ = {
			isa = PBXVariantGroup;
			children = (
				BC56E51114D68B800015D1A7 /* en */,
			);
			name = InfoPlist.strings;
			sourceTree = "<group>";
		};
/* End PBXVariantGroup section */

/* Begin XCBuildConfiguration section */
		BC56E51614D68B800015D1A7 /* Debug */ = {
			isa = XCBuildConfiguration;
			buildSettings = {
				ALWAYS_SEARCH_USER_PATHS = NO;
				ARCHS = "$(ARCHS_STANDARD_32_BIT)";
				COPY_PHASE_STRIP = NO;
				GCC_C_LANGUAGE_STANDARD = gnu99;
				GCC_DYNAMIC_NO_PIC = NO;
				GCC_OPTIMIZATION_LEVEL = 0;
				GCC_PREPROCESSOR_DEFINITIONS = (
					"DEBUG=1",
					"$(inherited)",
				);
				GCC_SYMBOLS_PRIVATE_EXTERN = NO;
				GCC_VERSION = com.apple.compilers.llvm.clang.1_0;
				GCC_WARN_ABOUT_MISSING_PROTOTYPES = YES;
				GCC_WARN_ABOUT_RETURN_TYPE = YES;
				GCC_WARN_UNUSED_VARIABLE = YES;
				IPHONEOS_DEPLOYMENT_TARGET = 5.0;
				SDKROOT = iphoneos;
			};
			name = Debug;
		};
		BC56E51714D68B800015D1A7 /* Release */ = {
			isa = XCBuildConfiguration;
			buildSettings = {
				ALWAYS_SEARCH_USER_PATHS = NO;
				ARCHS = "$(ARCHS_STANDARD_32_BIT)";
				COPY_PHASE_STRIP = YES;
				GCC_C_LANGUAGE_STANDARD = gnu99;
				GCC_VERSION = com.apple.compilers.llvm.clang.1_0;
				GCC_WARN_ABOUT_MISSING_PROTOTYPES = YES;
				GCC_WARN_ABOUT_RETURN_TYPE = YES;
				GCC_WARN_UNUSED_VARIABLE = YES;
				IPHONEOS_DEPLOYMENT_TARGET = 5.0;
				SDKROOT = iphoneos;
				VALIDATE_PRODUCT = YES;
			};
			name = Release;
		};
		BC56E51914D68B800015D1A7 /* Debug */ = {
			isa = XCBuildConfiguration;
			buildSettings = {
				DYLIB_COMPATIBILITY_VERSION = 1;
				DYLIB_CURRENT_VERSION = 1;
				FRAMEWORK_VERSION = A;
				GCC_PRECOMPILE_PREFIX_HEADER = YES;
				GCC_PREFIX_HEADER = "Funcky/Funcky-Prefix.pch";
				INFOPLIST_FILE = "Funcky/Funcky-Info.plist";
				PRODUCT_NAME = "$(TARGET_NAME)";
				SKIP_INSTALL = YES;
				WRAPPER_EXTENSION = framework;
			};
			name = Debug;
		};
		BC56E51A14D68B800015D1A7 /* Release */ = {
			isa = XCBuildConfiguration;
			buildSettings = {
				DYLIB_COMPATIBILITY_VERSION = 1;
				DYLIB_CURRENT_VERSION = 1;
				FRAMEWORK_VERSION = A;
				GCC_PRECOMPILE_PREFIX_HEADER = YES;
				GCC_PREFIX_HEADER = "Funcky/Funcky-Prefix.pch";
				INFOPLIST_FILE = "Funcky/Funcky-Info.plist";
				PRODUCT_NAME = "$(TARGET_NAME)";
				SKIP_INSTALL = YES;
				WRAPPER_EXTENSION = framework;
			};
			name = Release;
		};
		BC56E51C14D68B800015D1A7 /* Debug */ = {
			isa = XCBuildConfiguration;
			buildSettings = {
				FRAMEWORK_SEARCH_PATHS = (
					"$(SDKROOT)/Developer/Library/Frameworks",
					"$(DEVELOPER_LIBRARY_DIR)/Frameworks",
					"\"$(SRCROOT)/Vendor/Test\"",
				);
				GCC_PRECOMPILE_PREFIX_HEADER = YES;
				GCC_PREFIX_HEADER = "Funcky/Funcky-Prefix.pch";
				INFOPLIST_FILE = "FunckyTests/FunckyTests-Info.plist";
				LIBRARY_SEARCH_PATHS = (
					"$(inherited)",
					"\"$(SRCROOT)/Vendor/Test/OCMock\"",
				);
				OTHER_LDFLAGS = (
					"$(PROJECT_DIR)/Vendor/Test/OCMock/libOCMock.a",
					"-ObjC",
					"-all_load",
				);
				PRODUCT_NAME = "$(TARGET_NAME)";
				WRAPPER_EXTENSION = octest;
			};
			name = Debug;
		};
		BC56E51D14D68B800015D1A7 /* Release */ = {
			isa = XCBuildConfiguration;
			buildSettings = {
				FRAMEWORK_SEARCH_PATHS = (
					"$(SDKROOT)/Developer/Library/Frameworks",
					"$(DEVELOPER_LIBRARY_DIR)/Frameworks",
					"\"$(SRCROOT)/Vendor/Test\"",
				);
				GCC_PRECOMPILE_PREFIX_HEADER = YES;
				GCC_PREFIX_HEADER = "Funcky/Funcky-Prefix.pch";
				INFOPLIST_FILE = "FunckyTests/FunckyTests-Info.plist";
				LIBRARY_SEARCH_PATHS = (
					"$(inherited)",
					"\"$(SRCROOT)/Vendor/Test/OCMock\"",
				);
				OTHER_LDFLAGS = (
					"$(PROJECT_DIR)/Vendor/Test/OCMock/libOCMock.a",
					"-ObjC",
					"-all_load",
				);
				PRODUCT_NAME = "$(TARGET_NAME)";
				WRAPPER_EXTENSION = octest;
			};
			name = Release;
		};
/* End XCBuildConfiguration section */

/* Begin XCConfigurationList section */
		BC56E4E714D68B800015D1A7 /* Build configuration list for PBXProject "Funcky" */ = {
			isa = XCConfigurationList;
			buildConfigurations = (
				BC56E51614D68B800015D1A7 /* Debug */,
				BC56E51714D68B800015D1A7 /* Release */,
			);
			defaultConfigurationIsVisible = 0;
			defaultConfigurationName = Release;
		};
		BC56E51814D68B800015D1A7 /* Build configuration list for PBXNativeTarget "Funcky" */ = {
			isa = XCConfigurationList;
			buildConfigurations = (
				BC56E51914D68B800015D1A7 /* Debug */,
				BC56E51A14D68B800015D1A7 /* Release */,
			);
			defaultConfigurationIsVisible = 0;
			defaultConfigurationName = Release;
		};
		BC56E51B14D68B800015D1A7 /* Build configuration list for PBXNativeTarget "FunckyTests" */ = {
			isa = XCConfigurationList;
			buildConfigurations = (
				BC56E51C14D68B800015D1A7 /* Debug */,
				BC56E51D14D68B800015D1A7 /* Release */,
			);
			defaultConfigurationIsVisible = 0;
			defaultConfigurationName = Release;
		};
/* End XCConfigurationList section */
	};
	rootObject = BC56E4E414D68B800015D1A7 /* Project object */;
}
