// !$*UTF8*$!
{
	archiveVersion = 1;
	classes = {
	};
	objectVersion = 46;
	objects = {

/* Begin PBXAggregateTarget section */
		BC49C45114E05CC600BE88D2 /* package */ = {
			isa = PBXAggregateTarget;
			buildConfigurationList = BC49C45214E05CC600BE88D2 /* Build configuration list for PBXAggregateTarget "package" */;
			buildPhases = (
				BC49C45514E05CFB00BE88D2 /* ShellScript */,
			);
			dependencies = (
			);
			name = package;
			productName = PackageFuncky;
		};
/* End PBXAggregateTarget section */

/* Begin PBXBuildFile section */
		BC60930E14EC2E9100A59CDD /* OCHamcrestIOS.framework in Frameworks */ = {isa = PBXBuildFile; fileRef = BC60930D14EC2E9100A59CDD /* OCHamcrestIOS.framework */; };
		BC60931014EC2EA200A59CDD /* libOCMock.a in Frameworks */ = {isa = PBXBuildFile; fileRef = BC60930F14EC2EA200A59CDD /* libOCMock.a */; };
		BC60931914EC6BCA00A59CDD /* OCTotallyLazy.framework in Frameworks */ = {isa = PBXBuildFile; fileRef = BC60931814EC6BCA00A59CDD /* OCTotallyLazy.framework */; };
		BC76518514E0715800559503 /* SenTestingKit.framework in Frameworks */ = {isa = PBXBuildFile; fileRef = BC76518414E0715800559503 /* SenTestingKit.framework */; };
		BC76518714E0717400559503 /* Foundation.framework in Frameworks */ = {isa = PBXBuildFile; fileRef = BC76518614E0717400559503 /* Foundation.framework */; };
		BC7772A11513388C00F4FF4A /* MemoisedEnumeratorTest.m in Sources */ = {isa = PBXBuildFile; fileRef = BC7772941513388C00F4FF4A /* MemoisedEnumeratorTest.m */; };
		BC7772A21513388C00F4FF4A /* NSArrayTest.m in Sources */ = {isa = PBXBuildFile; fileRef = BC7772951513388C00F4FF4A /* NSArrayTest.m */; };
		BC7772A31513388C00F4FF4A /* NSDictionaryTest.m in Sources */ = {isa = PBXBuildFile; fileRef = BC7772961513388C00F4FF4A /* NSDictionaryTest.m */; };
		BC7772A41513388C00F4FF4A /* NSSetTest.m in Sources */ = {isa = PBXBuildFile; fileRef = BC7772971513388C00F4FF4A /* NSSetTest.m */; };
		BC7772A51513388C00F4FF4A /* OCTotallyLazyTestCase.m in Sources */ = {isa = PBXBuildFile; fileRef = BC7772991513388C00F4FF4A /* OCTotallyLazyTestCase.m */; };
		BC7772A61513388C00F4FF4A /* OptionTest.m in Sources */ = {isa = PBXBuildFile; fileRef = BC77729A1513388C00F4FF4A /* OptionTest.m */; };
		BC7772A71513388C00F4FF4A /* PredicatesTest.m in Sources */ = {isa = PBXBuildFile; fileRef = BC77729B1513388C00F4FF4A /* PredicatesTest.m */; };
		BC7772A81513388C00F4FF4A /* RangeTest.m in Sources */ = {isa = PBXBuildFile; fileRef = BC77729D1513388C00F4FF4A /* RangeTest.m */; };
		BC7772A91513388C00F4FF4A /* RepeatEnumeratorTest.m in Sources */ = {isa = PBXBuildFile; fileRef = BC77729E1513388C00F4FF4A /* RepeatEnumeratorTest.m */; };
		BC7772AA1513388C00F4FF4A /* SequenceTest.m in Sources */ = {isa = PBXBuildFile; fileRef = BC77729F1513388C00F4FF4A /* SequenceTest.m */; };
		BC7772CD151338ED00F4FF4A /* Foldable.h in Headers */ = {isa = PBXBuildFile; fileRef = BC7772B3151338ED00F4FF4A /* Foldable.h */; settings = {ATTRIBUTES = (Public, ); }; };
		BC7772CE151338ED00F4FF4A /* Mappable.h in Headers */ = {isa = PBXBuildFile; fileRef = BC7772B4151338ED00F4FF4A /* Mappable.h */; settings = {ATTRIBUTES = (Public, ); }; };
		BC7772CF151338ED00F4FF4A /* None.h in Headers */ = {isa = PBXBuildFile; fileRef = BC7772B5151338ED00F4FF4A /* None.h */; settings = {ATTRIBUTES = (Public, ); }; };
		BC7772D0151338ED00F4FF4A /* None.m in Sources */ = {isa = PBXBuildFile; fileRef = BC7772B6151338ED00F4FF4A /* None.m */; };
		BC7772D1151338ED00F4FF4A /* NoSuchElementException.h in Headers */ = {isa = PBXBuildFile; fileRef = BC7772B7151338ED00F4FF4A /* NoSuchElementException.h */; settings = {ATTRIBUTES = (Public, ); }; };
		BC7772D2151338ED00F4FF4A /* NoSuchElementException.m in Sources */ = {isa = PBXBuildFile; fileRef = BC7772B8151338ED00F4FF4A /* NoSuchElementException.m */; };
		BC7772D3151338ED00F4FF4A /* NSArray+OCTotallyLazy.h in Headers */ = {isa = PBXBuildFile; fileRef = BC7772B9151338ED00F4FF4A /* NSArray+OCTotallyLazy.h */; settings = {ATTRIBUTES = (Public, ); }; };
		BC7772D4151338ED00F4FF4A /* NSArray+OCTotallyLazy.m in Sources */ = {isa = PBXBuildFile; fileRef = BC7772BA151338ED00F4FF4A /* NSArray+OCTotallyLazy.m */; };
		BC7772D5151338ED00F4FF4A /* NSDictionary+OCTotallyLazy.h in Headers */ = {isa = PBXBuildFile; fileRef = BC7772BB151338ED00F4FF4A /* NSDictionary+OCTotallyLazy.h */; settings = {ATTRIBUTES = (Public, ); }; };
		BC7772D6151338ED00F4FF4A /* NSDictionary+OCTotallyLazy.m in Sources */ = {isa = PBXBuildFile; fileRef = BC7772BC151338ED00F4FF4A /* NSDictionary+OCTotallyLazy.m */; };
		BC7772D7151338ED00F4FF4A /* NSSet+OCTotallyLazy.h in Headers */ = {isa = PBXBuildFile; fileRef = BC7772BD151338ED00F4FF4A /* NSSet+OCTotallyLazy.h */; settings = {ATTRIBUTES = (Public, ); }; };
		BC7772D8151338ED00F4FF4A /* NSSet+OCTotallyLazy.m in Sources */ = {isa = PBXBuildFile; fileRef = BC7772BE151338ED00F4FF4A /* NSSet+OCTotallyLazy.m */; };
		BC7772D9151338ED00F4FF4A /* OCTotallyLazy-Info.plist in Resources */ = {isa = PBXBuildFile; fileRef = BC7772BF151338ED00F4FF4A /* OCTotallyLazy-Info.plist */; };
		BC7772DA151338ED00F4FF4A /* OCTotallyLazy-Prefix.pch in Headers */ = {isa = PBXBuildFile; fileRef = BC7772C0151338ED00F4FF4A /* OCTotallyLazy-Prefix.pch */; settings = {ATTRIBUTES = (Public, ); }; };
		BC7772DB151338ED00F4FF4A /* OCTotallyLazy.h in Headers */ = {isa = PBXBuildFile; fileRef = BC7772C1151338ED00F4FF4A /* OCTotallyLazy.h */; settings = {ATTRIBUTES = (Public, ); }; };
		BC7772DC151338ED00F4FF4A /* Option.h in Headers */ = {isa = PBXBuildFile; fileRef = BC7772C2151338ED00F4FF4A /* Option.h */; settings = {ATTRIBUTES = (Public, ); }; };
		BC7772DD151338ED00F4FF4A /* Option.m in Sources */ = {isa = PBXBuildFile; fileRef = BC7772C3151338ED00F4FF4A /* Option.m */; };
		BC7772DE151338ED00F4FF4A /* Pair.h in Headers */ = {isa = PBXBuildFile; fileRef = BC7772C4151338ED00F4FF4A /* Pair.h */; settings = {ATTRIBUTES = (Public, ); }; };
		BC7772DF151338ED00F4FF4A /* Pair.m in Sources */ = {isa = PBXBuildFile; fileRef = BC7772C5151338ED00F4FF4A /* Pair.m */; };
		BC7772E0151338ED00F4FF4A /* Predicates.h in Headers */ = {isa = PBXBuildFile; fileRef = BC7772C6151338ED00F4FF4A /* Predicates.h */; settings = {ATTRIBUTES = (Public, ); }; };
		BC7772E1151338ED00F4FF4A /* Range.h in Headers */ = {isa = PBXBuildFile; fileRef = BC7772C7151338ED00F4FF4A /* Range.h */; settings = {ATTRIBUTES = (Public, ); }; };
		BC7772E2151338ED00F4FF4A /* Range.m in Sources */ = {isa = PBXBuildFile; fileRef = BC7772C8151338ED00F4FF4A /* Range.m */; };
		BC7772E3151338ED00F4FF4A /* Sequence.h in Headers */ = {isa = PBXBuildFile; fileRef = BC7772C9151338ED00F4FF4A /* Sequence.h */; settings = {ATTRIBUTES = (Public, ); }; };
		BC7772E4151338ED00F4FF4A /* Sequence.m in Sources */ = {isa = PBXBuildFile; fileRef = BC7772CA151338ED00F4FF4A /* Sequence.m */; };
		BC7772E5151338ED00F4FF4A /* Some.h in Headers */ = {isa = PBXBuildFile; fileRef = BC7772CB151338ED00F4FF4A /* Some.h */; settings = {ATTRIBUTES = (Public, ); }; };
		BC7772E6151338ED00F4FF4A /* Some.m in Sources */ = {isa = PBXBuildFile; fileRef = BC7772CC151338ED00F4FF4A /* Some.m */; };
		BC7772E6151338ED00F4FF4C /* Coercions.h in Headers */ = {isa = PBXBuildFile; fileRef = BC7772E6151338ED00F4FF4B /* Coercions.h */; settings = {ATTRIBUTES = (Public, ); }; };
		BC7772E6151338ED00F4FF4E /* Enumerable.h in Headers */ = {isa = PBXBuildFile; fileRef = BC7772E6151338ED00F4FF4D /* Enumerable.h */; settings = {ATTRIBUTES = (Public, ); }; };
		BC7772EA1513392400F4FF4C /* EmptyEnumerator.h in Headers */ = {isa = PBXBuildFile; fileRef = BC7772EA1513392400F4FF4B /* EmptyEnumerator.h */; settings = {ATTRIBUTES = (Public, ); }; };
		BC7772EA1513392400F4FF4E /* EmptyEnumerator.m in Sources */ = {isa = PBXBuildFile; fileRef = BC7772EA1513392400F4FF4D /* EmptyEnumerator.m */; };
		BC7772EA1513392400F4FF50 /* FilterEnumerator.h in Headers */ = {isa = PBXBuildFile; fileRef = BC7772EA1513392400F4FF4F /* FilterEnumerator.h */; settings = {ATTRIBUTES = (Public, ); }; };
		BC7772EA1513392400F4FF52 /* FilterEnumerator.m in Sources */ = {isa = PBXBuildFile; fileRef = BC7772EA1513392400F4FF51 /* FilterEnumerator.m */; };
		BC7772EA1513392400F4FF54 /* FlattenEnumerator.h in Headers */ = {isa = PBXBuildFile; fileRef = BC7772EA1513392400F4FF53 /* FlattenEnumerator.h */; settings = {ATTRIBUTES = (Public, ); }; };
		BC7772EA1513392400F4FF56 /* FlattenEnumerator.m in Sources */ = {isa = PBXBuildFile; fileRef = BC7772EA1513392400F4FF55 /* FlattenEnumerator.m */; };
		BC7772EA1513392400F4FF58 /* GroupedEnumerator.h in Headers */ = {isa = PBXBuildFile; fileRef = BC7772EA1513392400F4FF57 /* GroupedEnumerator.h */; settings = {ATTRIBUTES = (Public, ); }; };
		BC7772EA1513392400F4FF5A /* GroupedEnumerator.m in Sources */ = {isa = PBXBuildFile; fileRef = BC7772EA1513392400F4FF59 /* GroupedEnumerator.m */; };
		BC7772EA1513392400F4FF5C /* MapEnumerator.h in Headers */ = {isa = PBXBuildFile; fileRef = BC7772EA1513392400F4FF5B /* MapEnumerator.h */; settings = {ATTRIBUTES = (Public, ); }; };
		BC7772EA1513392400F4FF5E /* MapEnumerator.m in Sources */ = {isa = PBXBuildFile; fileRef = BC7772EA1513392400F4FF5D /* MapEnumerator.m */; };
		BC7772EA1513392400F4FF64 /* MemoisedEnumerator.h in Headers */ = {isa = PBXBuildFile; fileRef = BC7772EA1513392400F4FF63 /* MemoisedEnumerator.h */; settings = {ATTRIBUTES = (Public, ); }; };
		BC7772EA1513392400F4FF66 /* MemoisedEnumerator.m in Sources */ = {isa = PBXBuildFile; fileRef = BC7772EA1513392400F4FF65 /* MemoisedEnumerator.m */; };
		BC7772EA1513392400F4FF68 /* NSEnumerator+OCTotallyLazy.h in Headers */ = {isa = PBXBuildFile; fileRef = BC7772EA1513392400F4FF67 /* NSEnumerator+OCTotallyLazy.h */; settings = {ATTRIBUTES = (Public, ); }; };
		BC7772EA1513392400F4FF6A /* NSEnumerator+OCTotallyLazy.m in Sources */ = {isa = PBXBuildFile; fileRef = BC7772EA1513392400F4FF69 /* NSEnumerator+OCTotallyLazy.m */; };
		BC7772EA1513392400F4FF6C /* PairEnumerator.h in Headers */ = {isa = PBXBuildFile; fileRef = BC7772EA1513392400F4FF6B /* PairEnumerator.h */; settings = {ATTRIBUTES = (Public, ); }; };
		BC7772EA1513392400F4FF6E /* PairEnumerator.m in Sources */ = {isa = PBXBuildFile; fileRef = BC7772EA1513392400F4FF6D /* PairEnumerator.m */; };
		BC7772EA1513392400F4FF70 /* RepeatEnumerator.h in Headers */ = {isa = PBXBuildFile; fileRef = BC7772EA1513392400F4FF6F /* RepeatEnumerator.h */; settings = {ATTRIBUTES = (Public, ); }; };
		BC7772EA1513392400F4FF72 /* RepeatEnumerator.m in Sources */ = {isa = PBXBuildFile; fileRef = BC7772EA1513392400F4FF71 /* RepeatEnumerator.m */; };
		BC7772EA1513392400F4FF74 /* SingleValueEnumerator.h in Headers */ = {isa = PBXBuildFile; fileRef = BC7772EA1513392400F4FF73 /* SingleValueEnumerator.h */; settings = {ATTRIBUTES = (Public, ); }; };
		BC7772EA1513392400F4FF76 /* SingleValueEnumerator.m in Sources */ = {isa = PBXBuildFile; fileRef = BC7772EA1513392400F4FF75 /* SingleValueEnumerator.m */; };
		BC7772EA1513392400F4FF78 /* TakeWhileEnumerator.h in Headers */ = {isa = PBXBuildFile; fileRef = BC7772EA1513392400F4FF77 /* TakeWhileEnumerator.h */; settings = {ATTRIBUTES = (Public, ); }; };
		BC7772EA1513392400F4FF7A /* TakeWhileEnumerator.m in Sources */ = {isa = PBXBuildFile; fileRef = BC7772EA1513392400F4FF79 /* TakeWhileEnumerator.m */; };
		BC7772EA1513392400F4FF7C /* EasyEnumerable.h in Headers */ = {isa = PBXBuildFile; fileRef = BC7772EA1513392400F4FF7B /* EasyEnumerable.h */; settings = {ATTRIBUTES = (Public, ); }; };
		BC7772EA1513392400F4FF7E /* EasyEnumerable.m in Sources */ = {isa = PBXBuildFile; fileRef = BC7772EA1513392400F4FF7D /* EasyEnumerable.m */; };
		BC7772EA1513392400F4FF80 /* Flattenable.h in Headers */ = {isa = PBXBuildFile; fileRef = BC7772EA1513392400F4FF7F /* Flattenable.h */; settings = {ATTRIBUTES = (Public, ); }; };
		BC7772EA1513392400F4FF82 /* GroupedEnumeratorTest.m in Sources */ = {isa = PBXBuildFile; fileRef = BC7772EA1513392400F4FF81 /* GroupedEnumeratorTest.m */; };
		BC7772EA1513392400F4FF84 /* Callables.h in Headers */ = {isa = PBXBuildFile; fileRef = BC7772EA1513392400F4FF83 /* Callables.h */; settings = {ATTRIBUTES = (Public, ); }; };
		BC7772EA1513392400F4FF86 /* Callables.m in Sources */ = {isa = PBXBuildFile; fileRef = BC7772EA1513392400F4FF85 /* Callables.m */; };
		BC7772EA1513392400F4FF88 /* EnumerateEnumerator.m in Sources */ = {isa = PBXBuildFile; fileRef = BC7772EA1513392400F4FF87 /* EnumerateEnumerator.m */; };
		BC7772EA1513392400F4FF8A /* EnumerateEnumerator.h in Headers */ = {isa = PBXBuildFile; fileRef = BC7772EA1513392400F4FF89 /* EnumerateEnumerator.h */; settings = {ATTRIBUTES = (Public, ); }; };
		BC7772EA1513392400F4FF8C /* PartitionEnumerator.m in Sources */ = {isa = PBXBuildFile; fileRef = BC7772EA1513392400F4FF8B /* PartitionEnumerator.m */; };
		BC7772EA1513392400F4FF8E /* PartitionEnumerator.h in Headers */ = {isa = PBXBuildFile; fileRef = BC7772EA1513392400F4FF8D /* PartitionEnumerator.h */; settings = {ATTRIBUTES = (Public, ); }; };
		BC7772EA1513392400F4FF90 /* Queue.m in Sources */ = {isa = PBXBuildFile; fileRef = BC7772EA1513392400F4FF8F /* Queue.m */; };
		BC7772EA1513392400F4FF92 /* Queue.h in Headers */ = {isa = PBXBuildFile; fileRef = BC7772EA1513392400F4FF91 /* Queue.h */; settings = {ATTRIBUTES = (Public, ); }; };
		BC7772EA1513392400F4FF94 /* MemoisedSequence.h in Headers */ = {isa = PBXBuildFile; fileRef = BC7772EA1513392400F4FF93 /* MemoisedSequence.h */; settings = {ATTRIBUTES = (Public, ); }; };
		BC7772EA1513392400F4FF96 /* MemoisedSequence.m in Sources */ = {isa = PBXBuildFile; fileRef = BC7772EA1513392400F4FF95 /* MemoisedSequence.m */; };
		BC7772EA1513392400F4FF99 /* Numbers.h in Headers */ = {isa = PBXBuildFile; fileRef = BC7772EA1513392400F4FF98 /* Numbers.h */; settings = {ATTRIBUTES = (Public, ); }; };
		BC7772EA1513392400F4FF9E /* NumbersTest.m in Sources */ = {isa = PBXBuildFile; fileRef = BC7772EA1513392400F4FF9D /* NumbersTest.m */; };
		BC7772EA1513392400F4FFA0 /* Types.h in Headers */ = {isa = PBXBuildFile; fileRef = BC7772EA1513392400F4FF9F /* Types.h */; settings = {ATTRIBUTES = (Public, ); }; };
/* End PBXBuildFile section */

/* Begin PBXContainerItemProxy section */
		BC60928014EBC00F00A59CDD /* PBXContainerItemProxy */ = {
			isa = PBXContainerItemProxy;
			containerPortal = BC49C42514E05A5800BE88D2 /* Project object */;
			proxyType = 1;
			remoteGlobalIDString = BC49C45114E05CC600BE88D2;
			remoteInfo = PackageFuncky;
		};
/* End PBXContainerItemProxy section */

/* Begin PBXFileReference section */
		BC49C43014E05A8200BE88D2 /* OCTotallyLazy.framework */ = {isa = PBXFileReference; explicitFileType = wrapper.cfbundle; includeInIndex = 0; path = OCTotallyLazy.framework; sourceTree = BUILT_PRODUCTS_DIR; };
		BC49C43314E05A8200BE88D2 /* CoreFoundation.framework */ = {isa = PBXFileReference; lastKnownFileType = wrapper.framework; name = CoreFoundation.framework; path = System/Library/Frameworks/CoreFoundation.framework; sourceTree = SDKROOT; };
		BC60930D14EC2E9100A59CDD /* OCHamcrestIOS.framework */ = {isa = PBXFileReference; lastKnownFileType = wrapper.framework; name = OCHamcrestIOS.framework; path = external/Test/OCHamcrestIOS.framework; sourceTree = "<group>"; };
		BC60930F14EC2EA200A59CDD /* libOCMock.a */ = {isa = PBXFileReference; lastKnownFileType = archive.ar; name = libOCMock.a; path = external/Test/OCMock/libOCMock.a; sourceTree = "<group>"; };
		BC60931814EC6BCA00A59CDD /* OCTotallyLazy.framework */ = {isa = PBXFileReference; lastKnownFileType = wrapper.framework; name = OCTotallyLazy.framework; path = artifacts/OCTotallyLazy.framework; sourceTree = "<group>"; };
		BC76515614E0706800559503 /* test-unit.octest */ = {isa = PBXFileReference; explicitFileType = wrapper.cfbundle; includeInIndex = 0; path = "test-unit.octest"; sourceTree = BUILT_PRODUCTS_DIR; };
		BC76518414E0715800559503 /* SenTestingKit.framework */ = {isa = PBXFileReference; lastKnownFileType = wrapper.framework; name = SenTestingKit.framework; path = Library/Frameworks/SenTestingKit.framework; sourceTree = DEVELOPER_DIR; };
		BC76518614E0717400559503 /* Foundation.framework */ = {isa = PBXFileReference; lastKnownFileType = wrapper.framework; name = Foundation.framework; path = Platforms/iPhoneOS.platform/Developer/SDKs/iPhoneOS5.0.sdk/System/Library/Frameworks/Foundation.framework; sourceTree = DEVELOPER_DIR; };
		BC7772941513388C00F4FF4A /* MemoisedEnumeratorTest.m */ = {isa = PBXFileReference; fileEncoding = 4; lastKnownFileType = sourcecode.c.objc; path = MemoisedEnumeratorTest.m; sourceTree = "<group>"; };
		BC7772951513388C00F4FF4A /* NSArrayTest.m */ = {isa = PBXFileReference; fileEncoding = 4; lastKnownFileType = sourcecode.c.objc; path = NSArrayTest.m; sourceTree = "<group>"; };
		BC7772961513388C00F4FF4A /* NSDictionaryTest.m */ = {isa = PBXFileReference; fileEncoding = 4; lastKnownFileType = sourcecode.c.objc; path = NSDictionaryTest.m; sourceTree = "<group>"; };
		BC7772971513388C00F4FF4A /* NSSetTest.m */ = {isa = PBXFileReference; fileEncoding = 4; lastKnownFileType = sourcecode.c.objc; path = NSSetTest.m; sourceTree = "<group>"; };
		BC7772981513388C00F4FF4A /* OCTotallyLazyTestCase.h */ = {isa = PBXFileReference; fileEncoding = 4; lastKnownFileType = sourcecode.c.h; path = OCTotallyLazyTestCase.h; sourceTree = "<group>"; };
		BC7772991513388C00F4FF4A /* OCTotallyLazyTestCase.m */ = {isa = PBXFileReference; fileEncoding = 4; lastKnownFileType = sourcecode.c.objc; path = OCTotallyLazyTestCase.m; sourceTree = "<group>"; };
		BC77729A1513388C00F4FF4A /* OptionTest.m */ = {isa = PBXFileReference; fileEncoding = 4; lastKnownFileType = sourcecode.c.objc; path = OptionTest.m; sourceTree = "<group>"; };
		BC77729B1513388C00F4FF4A /* PredicatesTest.m */ = {isa = PBXFileReference; fileEncoding = 4; lastKnownFileType = sourcecode.c.objc; path = PredicatesTest.m; sourceTree = "<group>"; };
		BC77729D1513388C00F4FF4A /* RangeTest.m */ = {isa = PBXFileReference; fileEncoding = 4; lastKnownFileType = sourcecode.c.objc; path = RangeTest.m; sourceTree = "<group>"; };
		BC77729E1513388C00F4FF4A /* RepeatEnumeratorTest.m */ = {isa = PBXFileReference; fileEncoding = 4; lastKnownFileType = sourcecode.c.objc; path = RepeatEnumeratorTest.m; sourceTree = "<group>"; };
		BC77729F1513388C00F4FF4A /* SequenceTest.m */ = {isa = PBXFileReference; fileEncoding = 4; lastKnownFileType = sourcecode.c.objc; path = SequenceTest.m; sourceTree = "<group>"; };
		BC7772B3151338ED00F4FF4A /* Foldable.h */ = {isa = PBXFileReference; fileEncoding = 4; lastKnownFileType = sourcecode.c.h; path = Foldable.h; sourceTree = "<group>"; };
		BC7772B4151338ED00F4FF4A /* Mappable.h */ = {isa = PBXFileReference; fileEncoding = 4; lastKnownFileType = sourcecode.c.h; path = Mappable.h; sourceTree = "<group>"; };
		BC7772B5151338ED00F4FF4A /* None.h */ = {isa = PBXFileReference; fileEncoding = 4; lastKnownFileType = sourcecode.c.h; path = None.h; sourceTree = "<group>"; };
		BC7772B6151338ED00F4FF4A /* None.m */ = {isa = PBXFileReference; fileEncoding = 4; lastKnownFileType = sourcecode.c.objc; path = None.m; sourceTree = "<group>"; };
		BC7772B7151338ED00F4FF4A /* NoSuchElementException.h */ = {isa = PBXFileReference; fileEncoding = 4; lastKnownFileType = sourcecode.c.h; path = NoSuchElementException.h; sourceTree = "<group>"; };
		BC7772B8151338ED00F4FF4A /* NoSuchElementException.m */ = {isa = PBXFileReference; fileEncoding = 4; lastKnownFileType = sourcecode.c.objc; path = NoSuchElementException.m; sourceTree = "<group>"; };
		BC7772B9151338ED00F4FF4A /* NSArray+OCTotallyLazy.h */ = {isa = PBXFileReference; fileEncoding = 4; lastKnownFileType = sourcecode.c.h; path = "NSArray+OCTotallyLazy.h"; sourceTree = "<group>"; };
		BC7772BA151338ED00F4FF4A /* NSArray+OCTotallyLazy.m */ = {isa = PBXFileReference; fileEncoding = 4; lastKnownFileType = sourcecode.c.objc; path = "NSArray+OCTotallyLazy.m"; sourceTree = "<group>"; };
		BC7772BB151338ED00F4FF4A /* NSDictionary+OCTotallyLazy.h */ = {isa = PBXFileReference; fileEncoding = 4; lastKnownFileType = sourcecode.c.h; path = "NSDictionary+OCTotallyLazy.h"; sourceTree = "<group>"; };
		BC7772BC151338ED00F4FF4A /* NSDictionary+OCTotallyLazy.m */ = {isa = PBXFileReference; fileEncoding = 4; lastKnownFileType = sourcecode.c.objc; path = "NSDictionary+OCTotallyLazy.m"; sourceTree = "<group>"; };
		BC7772BD151338ED00F4FF4A /* NSSet+OCTotallyLazy.h */ = {isa = PBXFileReference; fileEncoding = 4; lastKnownFileType = sourcecode.c.h; path = "NSSet+OCTotallyLazy.h"; sourceTree = "<group>"; };
		BC7772BE151338ED00F4FF4A /* NSSet+OCTotallyLazy.m */ = {isa = PBXFileReference; fileEncoding = 4; lastKnownFileType = sourcecode.c.objc; path = "NSSet+OCTotallyLazy.m"; sourceTree = "<group>"; };
		BC7772BF151338ED00F4FF4A /* OCTotallyLazy-Info.plist */ = {isa = PBXFileReference; fileEncoding = 4; lastKnownFileType = text.plist.xml; path = "OCTotallyLazy-Info.plist"; sourceTree = "<group>"; };
		BC7772C0151338ED00F4FF4A /* OCTotallyLazy-Prefix.pch */ = {isa = PBXFileReference; fileEncoding = 4; lastKnownFileType = sourcecode.c.h; path = "OCTotallyLazy-Prefix.pch"; sourceTree = "<group>"; };
		BC7772C1151338ED00F4FF4A /* OCTotallyLazy.h */ = {isa = PBXFileReference; fileEncoding = 4; lastKnownFileType = sourcecode.c.h; path = OCTotallyLazy.h; sourceTree = "<group>"; };
		BC7772C2151338ED00F4FF4A /* Option.h */ = {isa = PBXFileReference; fileEncoding = 4; lastKnownFileType = sourcecode.c.h; path = Option.h; sourceTree = "<group>"; };
		BC7772C3151338ED00F4FF4A /* Option.m */ = {isa = PBXFileReference; fileEncoding = 4; lastKnownFileType = sourcecode.c.objc; path = Option.m; sourceTree = "<group>"; };
		BC7772C4151338ED00F4FF4A /* Pair.h */ = {isa = PBXFileReference; fileEncoding = 4; lastKnownFileType = sourcecode.c.h; path = Pair.h; sourceTree = "<group>"; };
		BC7772C5151338ED00F4FF4A /* Pair.m */ = {isa = PBXFileReference; fileEncoding = 4; lastKnownFileType = sourcecode.c.objc; path = Pair.m; sourceTree = "<group>"; };
		BC7772C6151338ED00F4FF4A /* Predicates.h */ = {isa = PBXFileReference; fileEncoding = 4; lastKnownFileType = sourcecode.c.h; path = Predicates.h; sourceTree = "<group>"; };
		BC7772C7151338ED00F4FF4A /* Range.h */ = {isa = PBXFileReference; fileEncoding = 4; lastKnownFileType = sourcecode.c.h; path = Range.h; sourceTree = "<group>"; };
		BC7772C8151338ED00F4FF4A /* Range.m */ = {isa = PBXFileReference; fileEncoding = 4; lastKnownFileType = sourcecode.c.objc; path = Range.m; sourceTree = "<group>"; };
		BC7772C9151338ED00F4FF4A /* Sequence.h */ = {isa = PBXFileReference; fileEncoding = 4; lastKnownFileType = sourcecode.c.h; path = Sequence.h; sourceTree = "<group>"; };
		BC7772CA151338ED00F4FF4A /* Sequence.m */ = {isa = PBXFileReference; fileEncoding = 4; lastKnownFileType = sourcecode.c.objc; path = Sequence.m; sourceTree = "<group>"; };
		BC7772CB151338ED00F4FF4A /* Some.h */ = {isa = PBXFileReference; fileEncoding = 4; lastKnownFileType = sourcecode.c.h; path = Some.h; sourceTree = "<group>"; };
		BC7772CC151338ED00F4FF4A /* Some.m */ = {isa = PBXFileReference; fileEncoding = 4; lastKnownFileType = sourcecode.c.objc; path = Some.m; sourceTree = "<group>"; };
		BC7772E6151338ED00F4FF4B /* Coercions.h */ = {isa = PBXFileReference; fileEncoding = 4; lastKnownFileType = sourcecode.c.h; path = Coercions.h; sourceTree = "<group>"; };
		BC7772E6151338ED00F4FF4D /* Enumerable.h */ = {isa = PBXFileReference; fileEncoding = 4; lastKnownFileType = sourcecode.c.h; path = Enumerable.h; sourceTree = "<group>"; };
		BC7772EA1513392400F4FF4B /* EmptyEnumerator.h */ = {isa = PBXFileReference; fileEncoding = 4; lastKnownFileType = sourcecode.c.h; path = EmptyEnumerator.h; sourceTree = "<group>"; };
		BC7772EA1513392400F4FF4D /* EmptyEnumerator.m */ = {isa = PBXFileReference; fileEncoding = 4; lastKnownFileType = sourcecode.c.objc; path = EmptyEnumerator.m; sourceTree = "<group>"; };
		BC7772EA1513392400F4FF4F /* FilterEnumerator.h */ = {isa = PBXFileReference; fileEncoding = 4; lastKnownFileType = sourcecode.c.h; path = FilterEnumerator.h; sourceTree = "<group>"; };
		BC7772EA1513392400F4FF51 /* FilterEnumerator.m */ = {isa = PBXFileReference; fileEncoding = 4; lastKnownFileType = sourcecode.c.objc; path = FilterEnumerator.m; sourceTree = "<group>"; };
		BC7772EA1513392400F4FF53 /* FlattenEnumerator.h */ = {isa = PBXFileReference; fileEncoding = 4; lastKnownFileType = sourcecode.c.h; path = FlattenEnumerator.h; sourceTree = "<group>"; };
		BC7772EA1513392400F4FF55 /* FlattenEnumerator.m */ = {isa = PBXFileReference; fileEncoding = 4; lastKnownFileType = sourcecode.c.objc; path = FlattenEnumerator.m; sourceTree = "<group>"; };
		BC7772EA1513392400F4FF57 /* GroupedEnumerator.h */ = {isa = PBXFileReference; fileEncoding = 4; lastKnownFileType = sourcecode.c.h; path = GroupedEnumerator.h; sourceTree = "<group>"; };
		BC7772EA1513392400F4FF59 /* GroupedEnumerator.m */ = {isa = PBXFileReference; fileEncoding = 4; lastKnownFileType = sourcecode.c.objc; path = GroupedEnumerator.m; sourceTree = "<group>"; };
		BC7772EA1513392400F4FF5B /* MapEnumerator.h */ = {isa = PBXFileReference; fileEncoding = 4; lastKnownFileType = sourcecode.c.h; path = MapEnumerator.h; sourceTree = "<group>"; };
		BC7772EA1513392400F4FF5D /* MapEnumerator.m */ = {isa = PBXFileReference; fileEncoding = 4; lastKnownFileType = sourcecode.c.objc; path = MapEnumerator.m; sourceTree = "<group>"; };
		BC7772EA1513392400F4FF63 /* MemoisedEnumerator.h */ = {isa = PBXFileReference; fileEncoding = 4; lastKnownFileType = sourcecode.c.h; path = MemoisedEnumerator.h; sourceTree = "<group>"; };
		BC7772EA1513392400F4FF65 /* MemoisedEnumerator.m */ = {isa = PBXFileReference; fileEncoding = 4; lastKnownFileType = sourcecode.c.objc; path = MemoisedEnumerator.m; sourceTree = "<group>"; };
		BC7772EA1513392400F4FF67 /* NSEnumerator+OCTotallyLazy.h */ = {isa = PBXFileReference; fileEncoding = 4; lastKnownFileType = sourcecode.c.h; path = "NSEnumerator+OCTotallyLazy.h"; sourceTree = "<group>"; };
		BC7772EA1513392400F4FF69 /* NSEnumerator+OCTotallyLazy.m */ = {isa = PBXFileReference; fileEncoding = 4; lastKnownFileType = sourcecode.c.objc; path = "NSEnumerator+OCTotallyLazy.m"; sourceTree = "<group>"; };
		BC7772EA1513392400F4FF6B /* PairEnumerator.h */ = {isa = PBXFileReference; fileEncoding = 4; lastKnownFileType = sourcecode.c.h; path = PairEnumerator.h; sourceTree = "<group>"; };
		BC7772EA1513392400F4FF6D /* PairEnumerator.m */ = {isa = PBXFileReference; fileEncoding = 4; lastKnownFileType = sourcecode.c.objc; path = PairEnumerator.m; sourceTree = "<group>"; };
		BC7772EA1513392400F4FF6F /* RepeatEnumerator.h */ = {isa = PBXFileReference; fileEncoding = 4; lastKnownFileType = sourcecode.c.h; path = RepeatEnumerator.h; sourceTree = "<group>"; };
		BC7772EA1513392400F4FF71 /* RepeatEnumerator.m */ = {isa = PBXFileReference; fileEncoding = 4; lastKnownFileType = sourcecode.c.objc; path = RepeatEnumerator.m; sourceTree = "<group>"; };
		BC7772EA1513392400F4FF73 /* SingleValueEnumerator.h */ = {isa = PBXFileReference; fileEncoding = 4; lastKnownFileType = sourcecode.c.h; path = SingleValueEnumerator.h; sourceTree = "<group>"; };
		BC7772EA1513392400F4FF75 /* SingleValueEnumerator.m */ = {isa = PBXFileReference; fileEncoding = 4; lastKnownFileType = sourcecode.c.objc; path = SingleValueEnumerator.m; sourceTree = "<group>"; };
		BC7772EA1513392400F4FF77 /* TakeWhileEnumerator.h */ = {isa = PBXFileReference; fileEncoding = 4; lastKnownFileType = sourcecode.c.h; path = TakeWhileEnumerator.h; sourceTree = "<group>"; };
		BC7772EA1513392400F4FF79 /* TakeWhileEnumerator.m */ = {isa = PBXFileReference; fileEncoding = 4; lastKnownFileType = sourcecode.c.objc; path = TakeWhileEnumerator.m; sourceTree = "<group>"; };
		BC7772EA1513392400F4FF7B /* EasyEnumerable.h */ = {isa = PBXFileReference; fileEncoding = 4; lastKnownFileType = sourcecode.c.h; path = EasyEnumerable.h; sourceTree = "<group>"; };
		BC7772EA1513392400F4FF7D /* EasyEnumerable.m */ = {isa = PBXFileReference; fileEncoding = 4; lastKnownFileType = sourcecode.c.objc; path = EasyEnumerable.m; sourceTree = "<group>"; };
		BC7772EA1513392400F4FF7F /* Flattenable.h */ = {isa = PBXFileReference; fileEncoding = 4; lastKnownFileType = sourcecode.c.h; path = Flattenable.h; sourceTree = "<group>"; };
		BC7772EA1513392400F4FF81 /* GroupedEnumeratorTest.m */ = {isa = PBXFileReference; fileEncoding = 4; lastKnownFileType = sourcecode.c.objc; path = GroupedEnumeratorTest.m; sourceTree = "<group>"; };
		BC7772EA1513392400F4FF83 /* Callables.h */ = {isa = PBXFileReference; fileEncoding = 4; lastKnownFileType = sourcecode.c.h; path = Callables.h; sourceTree = "<group>"; };
		BC7772EA1513392400F4FF85 /* Callables.m */ = {isa = PBXFileReference; fileEncoding = 4; lastKnownFileType = sourcecode.c.objc; path = Callables.m; sourceTree = "<group>"; };
		BC7772EA1513392400F4FF87 /* EnumerateEnumerator.m */ = {isa = PBXFileReference; fileEncoding = 4; lastKnownFileType = sourcecode.c.objc; path = EnumerateEnumerator.m; sourceTree = "<group>"; };
		BC7772EA1513392400F4FF89 /* EnumerateEnumerator.h */ = {isa = PBXFileReference; fileEncoding = 4; lastKnownFileType = sourcecode.c.h; path = EnumerateEnumerator.h; sourceTree = "<group>"; };
		BC7772EA1513392400F4FF8B /* PartitionEnumerator.m */ = {isa = PBXFileReference; fileEncoding = 4; lastKnownFileType = sourcecode.c.objc; path = PartitionEnumerator.m; sourceTree = "<group>"; };
		BC7772EA1513392400F4FF8D /* PartitionEnumerator.h */ = {isa = PBXFileReference; fileEncoding = 4; lastKnownFileType = sourcecode.c.h; path = PartitionEnumerator.h; sourceTree = "<group>"; };
		BC7772EA1513392400F4FF8F /* Queue.m */ = {isa = PBXFileReference; fileEncoding = 4; lastKnownFileType = sourcecode.c.objc; path = Queue.m; sourceTree = "<group>"; };
		BC7772EA1513392400F4FF91 /* Queue.h */ = {isa = PBXFileReference; fileEncoding = 4; lastKnownFileType = sourcecode.c.h; path = Queue.h; sourceTree = "<group>"; };
		BC7772EA1513392400F4FF93 /* MemoisedSequence.h */ = {isa = PBXFileReference; fileEncoding = 4; lastKnownFileType = sourcecode.c.h; path = MemoisedSequence.h; sourceTree = "<group>"; };
		BC7772EA1513392400F4FF95 /* MemoisedSequence.m */ = {isa = PBXFileReference; fileEncoding = 4; lastKnownFileType = sourcecode.c.objc; path = MemoisedSequence.m; sourceTree = "<group>"; };
		BC7772EA1513392400F4FF98 /* Numbers.h */ = {isa = PBXFileReference; fileEncoding = 4; lastKnownFileType = sourcecode.c.h; path = Numbers.h; sourceTree = "<group>"; };
		BC7772EA1513392400F4FF9D /* NumbersTest.m */ = {isa = PBXFileReference; fileEncoding = 4; lastKnownFileType = sourcecode.c.objc; path = NumbersTest.m; sourceTree = "<group>"; };
		BC7772EA1513392400F4FF9F /* Types.h */ = {isa = PBXFileReference; fileEncoding = 4; lastKnownFileType = sourcecode.c.h; path = Types.h; sourceTree = "<group>"; };
/* End PBXFileReference section */

/* Begin PBXFrameworksBuildPhase section */
		BC49C42D14E05A8200BE88D2 /* Frameworks */ = {
			isa = PBXFrameworksBuildPhase;
			buildActionMask = 2147483647;
			files = (
			);
			runOnlyForDeploymentPostprocessing = 0;
		};
		BC76515214E0706800559503 /* Frameworks */ = {
			isa = PBXFrameworksBuildPhase;
			buildActionMask = 2147483647;
			files = (
				BC60931914EC6BCA00A59CDD /* OCTotallyLazy.framework in Frameworks */,
				BC60931014EC2EA200A59CDD /* libOCMock.a in Frameworks */,
				BC60930E14EC2E9100A59CDD /* OCHamcrestIOS.framework in Frameworks */,
				BC76518714E0717400559503 /* Foundation.framework in Frameworks */,
				BC76518514E0715800559503 /* SenTestingKit.framework in Frameworks */,
			);
			runOnlyForDeploymentPostprocessing = 0;
		};
/* End PBXFrameworksBuildPhase section */

/* Begin PBXGroup section */
		BC49C42314E05A5800BE88D2 = {
			isa = PBXGroup;
			children = (
				BC60931814EC6BCA00A59CDD /* OCTotallyLazy.framework */,
				BC60930F14EC2EA200A59CDD /* libOCMock.a */,
				BC60930D14EC2E9100A59CDD /* OCHamcrestIOS.framework */,
				BC49C43214E05A8200BE88D2 /* Frameworks */,
				BC49C43114E05A8200BE88D2 /* Products */,
				BC76519814E078660055954A /* src */,
			);
			sourceTree = "<group>";
		};
		BC49C43114E05A8200BE88D2 /* Products */ = {
			isa = PBXGroup;
			children = (
				BC49C43014E05A8200BE88D2 /* OCTotallyLazy.framework */,
				BC76515614E0706800559503 /* test-unit.octest */,
			);
			name = Products;
			sourceTree = "<group>";
		};
		BC49C43214E05A8200BE88D2 /* Frameworks */ = {
			isa = PBXGroup;
			children = (
				BC76518614E0717400559503 /* Foundation.framework */,
				BC76518414E0715800559503 /* SenTestingKit.framework */,
				BC49C43314E05A8200BE88D2 /* CoreFoundation.framework */,
			);
			name = Frameworks;
			sourceTree = "<group>";
		};
		BC60928714EC2CB700A59CDD /* main */ = {
			isa = PBXGroup;
			children = (
				BC7772EA1513392400F4FF9F /* Types.h */,
				BC7772EA1513392400F4FF95 /* MemoisedSequence.m */,
				BC7772EA1513392400F4FF93 /* MemoisedSequence.h */,
				BC7772EA1513392400F4FF91 /* Queue.h */,
				BC7772EA1513392400F4FF8F /* Queue.m */,
				BC7772EA1513392400F4FF7F /* Flattenable.h */,
				BC7772EA1513392400F4FF7D /* EasyEnumerable.m */,
				BC7772EA1513392400F4FF7B /* EasyEnumerable.h */,
				BC7772EA1513392400F4FF85 /* Callables.m */,
				BC7772EA1513392400F4FF83 /* Callables.h */,
				BC7772EA1513392400F4FF4A /* enumerators */,
				BC7772E6151338ED00F4FF4D /* Enumerable.h */,
				BC7772E6151338ED00F4FF4B /* Coercions.h */,
				BC7772B3151338ED00F4FF4A /* Foldable.h */,
				BC7772B4151338ED00F4FF4A /* Mappable.h */,
				BC7772B5151338ED00F4FF4A /* None.h */,
				BC7772B6151338ED00F4FF4A /* None.m */,
				BC7772B7151338ED00F4FF4A /* NoSuchElementException.h */,
				BC7772B8151338ED00F4FF4A /* NoSuchElementException.m */,
				BC7772B9151338ED00F4FF4A /* NSArray+OCTotallyLazy.h */,
				BC7772BA151338ED00F4FF4A /* NSArray+OCTotallyLazy.m */,
				BC7772BB151338ED00F4FF4A /* NSDictionary+OCTotallyLazy.h */,
				BC7772BC151338ED00F4FF4A /* NSDictionary+OCTotallyLazy.m */,
				BC7772BD151338ED00F4FF4A /* NSSet+OCTotallyLazy.h */,
				BC7772BE151338ED00F4FF4A /* NSSet+OCTotallyLazy.m */,
				BC7772BF151338ED00F4FF4A /* OCTotallyLazy-Info.plist */,
				BC7772C0151338ED00F4FF4A /* OCTotallyLazy-Prefix.pch */,
				BC7772C1151338ED00F4FF4A /* OCTotallyLazy.h */,
				BC7772C2151338ED00F4FF4A /* Option.h */,
				BC7772C3151338ED00F4FF4A /* Option.m */,
				BC7772C4151338ED00F4FF4A /* Pair.h */,
				BC7772C5151338ED00F4FF4A /* Pair.m */,
				BC7772C7151338ED00F4FF4A /* Range.h */,
				BC7772C8151338ED00F4FF4A /* Range.m */,
				BC7772C9151338ED00F4FF4A /* Sequence.h */,
				BC7772CA151338ED00F4FF4A /* Sequence.m */,
				BC7772CB151338ED00F4FF4A /* Some.h */,
				BC7772CC151338ED00F4FF4A /* Some.m */,
				BC7772EA1513392400F4FF97 /* numbers */,
				BC7772EA1513392400F4FF9B /* predicates */,
			);
			path = main;
			sourceTree = "<group>";
		};
		BC60928814EC2CC000A59CDD /* test-unit */ = {
			isa = PBXGroup;
			children = (
				BC7772AB1513389B00F4FF4A /* enumerators */,
				BC7772951513388C00F4FF4A /* NSArrayTest.m */,
				BC7772961513388C00F4FF4A /* NSDictionaryTest.m */,
				BC7772971513388C00F4FF4A /* NSSetTest.m */,
				BC7772981513388C00F4FF4A /* OCTotallyLazyTestCase.h */,
				BC7772991513388C00F4FF4A /* OCTotallyLazyTestCase.m */,
				BC77729A1513388C00F4FF4A /* OptionTest.m */,
				BC77729D1513388C00F4FF4A /* RangeTest.m */,
				BC77729F1513388C00F4FF4A /* SequenceTest.m */,
				BC7772EA1513392400F4FF9A /* numbers */,
				BC7772EA1513392400F4FF9C /* predicates */,
			);
			path = "test-unit";
			sourceTree = "<group>";
		};
		BC76519814E078660055954A /* src */ = {
			isa = PBXGroup;
			children = (
				BC60928714EC2CB700A59CDD /* main */,
				BC60928814EC2CC000A59CDD /* test-unit */,
			);
			path = src;
			sourceTree = "<group>";
		};
		BC7772AB1513389B00F4FF4A /* enumerators */ = {
			isa = PBXGroup;
			children = (
				BC7772EA1513392400F4FF81 /* GroupedEnumeratorTest.m */,
				BC77729E1513388C00F4FF4A /* RepeatEnumeratorTest.m */,
				BC7772941513388C00F4FF4A /* MemoisedEnumeratorTest.m */,
			);
			path = enumerators;
			sourceTree = "<group>";
		};
		BC7772EA1513392400F4FF4A /* enumerators */ = {
			isa = PBXGroup;
			children = (
				BC7772EA1513392400F4FF8D /* PartitionEnumerator.h */,
				BC7772EA1513392400F4FF8B /* PartitionEnumerator.m */,
				BC7772EA1513392400F4FF89 /* EnumerateEnumerator.h */,
				BC7772EA1513392400F4FF87 /* EnumerateEnumerator.m */,
				BC7772EA1513392400F4FF79 /* TakeWhileEnumerator.m */,
				BC7772EA1513392400F4FF77 /* TakeWhileEnumerator.h */,
				BC7772EA1513392400F4FF75 /* SingleValueEnumerator.m */,
				BC7772EA1513392400F4FF73 /* SingleValueEnumerator.h */,
				BC7772EA1513392400F4FF71 /* RepeatEnumerator.m */,
				BC7772EA1513392400F4FF6F /* RepeatEnumerator.h */,
				BC7772EA1513392400F4FF6D /* PairEnumerator.m */,
				BC7772EA1513392400F4FF6B /* PairEnumerator.h */,
				BC7772EA1513392400F4FF69 /* NSEnumerator+OCTotallyLazy.m */,
				BC7772EA1513392400F4FF67 /* NSEnumerator+OCTotallyLazy.h */,
				BC7772EA1513392400F4FF65 /* MemoisedEnumerator.m */,
				BC7772EA1513392400F4FF63 /* MemoisedEnumerator.h */,
				BC7772EA1513392400F4FF5D /* MapEnumerator.m */,
				BC7772EA1513392400F4FF5B /* MapEnumerator.h */,
				BC7772EA1513392400F4FF59 /* GroupedEnumerator.m */,
				BC7772EA1513392400F4FF57 /* GroupedEnumerator.h */,
				BC7772EA1513392400F4FF55 /* FlattenEnumerator.m */,
				BC7772EA1513392400F4FF53 /* FlattenEnumerator.h */,
				BC7772EA1513392400F4FF51 /* FilterEnumerator.m */,
				BC7772EA1513392400F4FF4F /* FilterEnumerator.h */,
				BC7772EA1513392400F4FF4D /* EmptyEnumerator.m */,
				BC7772EA1513392400F4FF4B /* EmptyEnumerator.h */,
			);
			path = enumerators;
			sourceTree = "<group>";
		};
		BC7772EA1513392400F4FF97 /* numbers */ = {
			isa = PBXGroup;
			children = (
				BC7772EA1513392400F4FF98 /* Numbers.h */,
			);
			path = numbers;
			sourceTree = "<group>";
		};
		BC7772EA1513392400F4FF9A /* numbers */ = {
			isa = PBXGroup;
			children = (
				BC7772EA1513392400F4FF9D /* NumbersTest.m */,
			);
			path = numbers;
			sourceTree = "<group>";
		};
		BC7772EA1513392400F4FF9B /* predicates */ = {
			isa = PBXGroup;
			children = (
				BC7772C6151338ED00F4FF4A /* Predicates.h */,
			);
			path = predicates;
			sourceTree = "<group>";
		};
		BC7772EA1513392400F4FF9C /* predicates */ = {
			isa = PBXGroup;
			children = (
				BC77729B1513388C00F4FF4A /* PredicatesTest.m */,
			);
			path = predicates;
			sourceTree = "<group>";
		};
/* End PBXGroup section */

/* Begin PBXHeadersBuildPhase section */
		BC49C44814E05BBD00BE88D2 /* Headers */ = {
			isa = PBXHeadersBuildPhase;
			buildActionMask = 2147483647;
			files = (
				BC7772CD151338ED00F4FF4A /* Foldable.h in Headers */,
				BC7772CE151338ED00F4FF4A /* Mappable.h in Headers */,
				BC7772CF151338ED00F4FF4A /* None.h in Headers */,
				BC7772D1151338ED00F4FF4A /* NoSuchElementException.h in Headers */,
				BC7772D3151338ED00F4FF4A /* NSArray+OCTotallyLazy.h in Headers */,
				BC7772D5151338ED00F4FF4A /* NSDictionary+OCTotallyLazy.h in Headers */,
				BC7772D7151338ED00F4FF4A /* NSSet+OCTotallyLazy.h in Headers */,
				BC7772DA151338ED00F4FF4A /* OCTotallyLazy-Prefix.pch in Headers */,
				BC7772DB151338ED00F4FF4A /* OCTotallyLazy.h in Headers */,
				BC7772DC151338ED00F4FF4A /* Option.h in Headers */,
				BC7772DE151338ED00F4FF4A /* Pair.h in Headers */,
				BC7772E0151338ED00F4FF4A /* Predicates.h in Headers */,
				BC7772E1151338ED00F4FF4A /* Range.h in Headers */,
				BC7772E3151338ED00F4FF4A /* Sequence.h in Headers */,
				BC7772E5151338ED00F4FF4A /* Some.h in Headers */,
				BC7772E6151338ED00F4FF4C /* Coercions.h in Headers */,
				BC7772E6151338ED00F4FF4E /* Enumerable.h in Headers */,
				BC7772EA1513392400F4FF4C /* EmptyEnumerator.h in Headers */,
				BC7772EA1513392400F4FF50 /* FilterEnumerator.h in Headers */,
				BC7772EA1513392400F4FF54 /* FlattenEnumerator.h in Headers */,
				BC7772EA1513392400F4FF58 /* GroupedEnumerator.h in Headers */,
				BC7772EA1513392400F4FF5C /* MapEnumerator.h in Headers */,
				BC7772EA1513392400F4FF64 /* MemoisedEnumerator.h in Headers */,
				BC7772EA1513392400F4FF68 /* NSEnumerator+OCTotallyLazy.h in Headers */,
				BC7772EA1513392400F4FF6C /* PairEnumerator.h in Headers */,
				BC7772EA1513392400F4FF70 /* RepeatEnumerator.h in Headers */,
				BC7772EA1513392400F4FF74 /* SingleValueEnumerator.h in Headers */,
				BC7772EA1513392400F4FF78 /* TakeWhileEnumerator.h in Headers */,
				BC7772EA1513392400F4FF7C /* EasyEnumerable.h in Headers */,
				BC7772EA1513392400F4FF80 /* Flattenable.h in Headers */,
				BC7772EA1513392400F4FF99 /* Numbers.h in Headers */,
				BC7772EA1513392400F4FFA0 /* Types.h in Headers */,
				BC7772EA1513392400F4FF84 /* Callables.h in Headers */,
				BC7772EA1513392400F4FF8E /* PartitionEnumerator.h in Headers */,
				BC7772EA1513392400F4FF92 /* Queue.h in Headers */,
				BC7772EA1513392400F4FF94 /* MemoisedSequence.h in Headers */,
				BC7772EA1513392400F4FF8A /* EnumerateEnumerator.h in Headers */,
			);
			runOnlyForDeploymentPostprocessing = 0;
		};
/* End PBXHeadersBuildPhase section */

/* Begin PBXNativeTarget section */
		BC49C42F14E05A8200BE88D2 /* OCTotallyLazy */ = {
			isa = PBXNativeTarget;
			buildConfigurationList = BC49C43C14E05A8200BE88D2 /* Build configuration list for PBXNativeTarget "OCTotallyLazy" */;
			buildPhases = (
				BC49C42C14E05A8200BE88D2 /* Sources */,
				BC49C42D14E05A8200BE88D2 /* Frameworks */,
				BC49C42E14E05A8200BE88D2 /* Resources */,
				BC49C44814E05BBD00BE88D2 /* Headers */,
			);
			buildRules = (
			);
			dependencies = (
			);
			name = OCTotallyLazy;
			productName = Funcky;
			productReference = BC49C43014E05A8200BE88D2 /* OCTotallyLazy.framework */;
			productType = "com.apple.product-type.bundle";
		};
		BC76515514E0706800559503 /* test-unit */ = {
			isa = PBXNativeTarget;
			buildConfigurationList = BC76516714E0706800559503 /* Build configuration list for PBXNativeTarget "test-unit" */;
			buildPhases = (
				BC76515114E0706800559503 /* Sources */,
				BC76515214E0706800559503 /* Frameworks */,
				BC76515314E0706800559503 /* Resources */,
				BC76515414E0706800559503 /* ShellScript */,
			);
			buildRules = (
			);
			dependencies = (
				BC60928114EBC00F00A59CDD /* PBXTargetDependency */,
			);
			name = "test-unit";
			productName = FunckyTests;
			productReference = BC76515614E0706800559503 /* test-unit.octest */;
			productType = "com.apple.product-type.bundle";
		};
/* End PBXNativeTarget section */

/* Begin PBXProject section */
		BC49C42514E05A5800BE88D2 /* Project object */ = {
			isa = PBXProject;
			attributes = {
				LastUpgradeCheck = 0420;
			};
			buildConfigurationList = BC49C42814E05A5800BE88D2 /* Build configuration list for PBXProject "OCTotallyLazy" */;
			compatibilityVersion = "Xcode 3.2";
			developmentRegion = English;
			hasScannedForEncodings = 0;
			knownRegions = (
				en,
			);
			mainGroup = BC49C42314E05A5800BE88D2;
			productRefGroup = BC49C43114E05A8200BE88D2 /* Products */;
			projectDirPath = "";
			projectRoot = "";
			targets = (
				BC49C42F14E05A8200BE88D2 /* OCTotallyLazy */,
				BC49C45114E05CC600BE88D2 /* package */,
				BC76515514E0706800559503 /* test-unit */,
			);
		};
/* End PBXProject section */

/* Begin PBXResourcesBuildPhase section */
		BC49C42E14E05A8200BE88D2 /* Resources */ = {
			isa = PBXResourcesBuildPhase;
			buildActionMask = 2147483647;
			files = (
				BC7772D9151338ED00F4FF4A /* OCTotallyLazy-Info.plist in Resources */,
			);
			runOnlyForDeploymentPostprocessing = 0;
		};
		BC76515314E0706800559503 /* Resources */ = {
			isa = PBXResourcesBuildPhase;
			buildActionMask = 2147483647;
			files = (
			);
			runOnlyForDeploymentPostprocessing = 0;
		};
/* End PBXResourcesBuildPhase section */

/* Begin PBXShellScriptBuildPhase section */
		BC49C45514E05CFB00BE88D2 /* ShellScript */ = {
			isa = PBXShellScriptBuildPhase;
			buildActionMask = 2147483647;
			files = (
			);
			inputPaths = (
			);
			outputPaths = (
			);
			runOnlyForDeploymentPostprocessing = 0;
			shellPath = /bin/sh;
			shellScript = "# Sets the target folders and the final framework product.\nFMK_NAME=OCTotallyLazy\nFMK_VERSION=0.1\n\n# Install dir will be the final output to the framework.\n# The following line create it in the root folder of the current project.\nINSTALL_DIR=${SRCROOT}/Products/${FMK_NAME}.framework\n\n# Working dir will be deleted after the framework creation.\nWRK_DIR=build\nDEVICE_DIR=${WRK_DIR}/Release-iphoneos/${FMK_NAME}.framework\nSIMULATOR_DIR=${WRK_DIR}/Release-iphonesimulator/${FMK_NAME}.framework\n\n# Building both architectures.\nxcodebuild -configuration \"Release\" -target \"${FMK_NAME}\" -sdk iphoneos\nxcodebuild -configuration \"Release\" -target \"${FMK_NAME}\" -sdk iphonesimulator\n\n# Cleaning the oldest.\nif [ -d \"${INSTALL_DIR}\" ]\nthen\nrm -rf \"${INSTALL_DIR}\"\nfi\n\n# Creates and renews the final product folder.\nmkdir -p \"${INSTALL_DIR}\"\nmkdir -p \"${INSTALL_DIR}/Versions\"\nmkdir -p \"${INSTALL_DIR}/Versions/${FMK_VERSION}\"\nmkdir -p \"${INSTALL_DIR}/Versions/${FMK_VERSION}/Resources\"\nmkdir -p \"${INSTALL_DIR}/Versions/${FMK_VERSION}/Headers\"\n\n# Creates the internal links.\n# It MUST uses relative path, otherwise will not work when the folder is copied/moved.\nln -s \"${FMK_VERSION}\" \"${INSTALL_DIR}/Versions/Current\"\nln -s \"Versions/Current/Headers\" \"${INSTALL_DIR}/Headers\"\nln -s \"Versions/Current/Resources\" \"${INSTALL_DIR}/Resources\"\nln -s \"Versions/Current/${FMK_NAME}\" \"${INSTALL_DIR}/${FMK_NAME}\"\n\n# Copies the headers and resources files to the final product folder.\ncp -R \"${DEVICE_DIR}/Headers/\" \"${INSTALL_DIR}/Versions/${FMK_VERSION}/Headers/\"\ncp -R \"${DEVICE_DIR}/\" \"${INSTALL_DIR}/Versions/${FMK_VERSION}/Resources/\"\n\n# Removes the binary and header from the resources folder.\nrm -r \"${INSTALL_DIR}/Versions/${FMK_VERSION}/Resources/Headers\" \"${INSTALL_DIR}/Versions/${FMK_VERSION}/Resources/${FMK_NAME}\"\n\n# Uses the Lipo Tool to merge both binary files (i386 + armv6/armv7) into one Universal final product.\nlipo -create \"${DEVICE_DIR}/${FMK_NAME}\" \"${SIMULATOR_DIR}/${FMK_NAME}\" -output \"${INSTALL_DIR}/Versions/${FMK_VERSION}/${FMK_NAME}\"\n\nrm -r \"${WRK_DIR}\"\n\nrm -rf ${SRCROOT}/artifacts\nmkdir -p ${SRCROOT}/artifacts\ncp -LR $INSTALL_DIR ${SRCROOT}/artifacts/${FMK_NAME}.framework \nrm -rf $INSTALL_DIR ${SRCROOT}/artifacts/${FMK_NAME}.framework/Versions";
		};
		BC76515414E0706800559503 /* ShellScript */ = {
			isa = PBXShellScriptBuildPhase;
			buildActionMask = 2147483647;
			files = (
			);
			inputPaths = (
			);
			outputPaths = (
			);
			runOnlyForDeploymentPostprocessing = 0;
			shellPath = /bin/sh;
			shellScript = "# Run the unit tests in this test bundle.\n\"${SYSTEM_DEVELOPER_DIR}/Tools/RunUnitTests\"\n";
		};
/* End PBXShellScriptBuildPhase section */

/* Begin PBXSourcesBuildPhase section */
		BC49C42C14E05A8200BE88D2 /* Sources */ = {
			isa = PBXSourcesBuildPhase;
			buildActionMask = 2147483647;
			files = (
				BC7772D0151338ED00F4FF4A /* None.m in Sources */,
				BC7772D2151338ED00F4FF4A /* NoSuchElementException.m in Sources */,
				BC7772D4151338ED00F4FF4A /* NSArray+OCTotallyLazy.m in Sources */,
				BC7772D6151338ED00F4FF4A /* NSDictionary+OCTotallyLazy.m in Sources */,
				BC7772D8151338ED00F4FF4A /* NSSet+OCTotallyLazy.m in Sources */,
				BC7772DD151338ED00F4FF4A /* Option.m in Sources */,
				BC7772DF151338ED00F4FF4A /* Pair.m in Sources */,
				BC7772E2151338ED00F4FF4A /* Range.m in Sources */,
				BC7772E4151338ED00F4FF4A /* Sequence.m in Sources */,
				BC7772E6151338ED00F4FF4A /* Some.m in Sources */,
				BC7772EA1513392400F4FF4E /* EmptyEnumerator.m in Sources */,
				BC7772EA1513392400F4FF52 /* FilterEnumerator.m in Sources */,
				BC7772EA1513392400F4FF56 /* FlattenEnumerator.m in Sources */,
				BC7772EA1513392400F4FF5A /* GroupedEnumerator.m in Sources */,
				BC7772EA1513392400F4FF5E /* MapEnumerator.m in Sources */,
				BC7772EA1513392400F4FF66 /* MemoisedEnumerator.m in Sources */,
				BC7772EA1513392400F4FF6A /* NSEnumerator+OCTotallyLazy.m in Sources */,
				BC7772EA1513392400F4FF6E /* PairEnumerator.m in Sources */,
				BC7772EA1513392400F4FF72 /* RepeatEnumerator.m in Sources */,
				BC7772EA1513392400F4FF76 /* SingleValueEnumerator.m in Sources */,
				BC7772EA1513392400F4FF7A /* TakeWhileEnumerator.m in Sources */,
				BC7772EA1513392400F4FF7E /* EasyEnumerable.m in Sources */,
				BC7772EA1513392400F4FF86 /* Callables.m in Sources */,
				BC7772EA1513392400F4FF88 /* EnumerateEnumerator.m in Sources */,
				BC7772EA1513392400F4FF8C /* PartitionEnumerator.m in Sources */,
				BC7772EA1513392400F4FF90 /* Queue.m in Sources */,
				BC7772EA1513392400F4FF96 /* MemoisedSequence.m in Sources */,
			);
			runOnlyForDeploymentPostprocessing = 0;
		};
		BC76515114E0706800559503 /* Sources */ = {
			isa = PBXSourcesBuildPhase;
			buildActionMask = 2147483647;
			files = (
				BC7772A11513388C00F4FF4A /* MemoisedEnumeratorTest.m in Sources */,
				BC7772A21513388C00F4FF4A /* NSArrayTest.m in Sources */,
				BC7772A31513388C00F4FF4A /* NSDictionaryTest.m in Sources */,
				BC7772A41513388C00F4FF4A /* NSSetTest.m in Sources */,
				BC7772A51513388C00F4FF4A /* OCTotallyLazyTestCase.m in Sources */,
				BC7772A61513388C00F4FF4A /* OptionTest.m in Sources */,
				BC7772A71513388C00F4FF4A /* PredicatesTest.m in Sources */,
				BC7772A81513388C00F4FF4A /* RangeTest.m in Sources */,
				BC7772A91513388C00F4FF4A /* RepeatEnumeratorTest.m in Sources */,
				BC7772AA1513388C00F4FF4A /* SequenceTest.m in Sources */,
				BC7772EA1513392400F4FF82 /* GroupedEnumeratorTest.m in Sources */,
				BC7772EA1513392400F4FF9E /* NumbersTest.m in Sources */,
			);
			runOnlyForDeploymentPostprocessing = 0;
		};
/* End PBXSourcesBuildPhase section */

/* Begin PBXTargetDependency section */
		BC60928114EBC00F00A59CDD /* PBXTargetDependency */ = {
			isa = PBXTargetDependency;
			target = BC49C45114E05CC600BE88D2 /* package */;
			targetProxy = BC60928014EBC00F00A59CDD /* PBXContainerItemProxy */;
		};
/* End PBXTargetDependency section */

/* Begin XCBuildConfiguration section */
		BC49C42A14E05A5800BE88D2 /* Debug */ = {
			isa = XCBuildConfiguration;
			buildSettings = {
			};
			name = Debug;
		};
		BC49C42B14E05A5800BE88D2 /* Release */ = {
			isa = XCBuildConfiguration;
			buildSettings = {
			};
			name = Release;
		};
		BC49C43D14E05A8200BE88D2 /* Debug */ = {
			isa = XCBuildConfiguration;
			buildSettings = {
				ALWAYS_SEARCH_USER_PATHS = NO;
				ARCHS = "$(ARCHS_STANDARD_32_BIT)";
				COPY_PHASE_STRIP = YES;
				DEAD_CODE_STRIPPING = NO;
				GCC_C_LANGUAGE_STANDARD = gnu99;
				GCC_DYNAMIC_NO_PIC = NO;
				GCC_ENABLE_OBJC_EXCEPTIONS = YES;
				GCC_GENERATE_DEBUGGING_SYMBOLS = YES;
				GCC_OPTIMIZATION_LEVEL = 0;
				GCC_PRECOMPILE_PREFIX_HEADER = NO;
				GCC_PREFIX_HEADER = "";
				GCC_PREPROCESSOR_DEFINITIONS = (
					"DEBUG=1",
					"$(inherited)",
				);
				GCC_SYMBOLS_PRIVATE_EXTERN = NO;
				GCC_VERSION = com.apple.compilers.llvm.clang.1_0;
				GCC_WARN_64_TO_32_BIT_CONVERSION = YES;
				GCC_WARN_ABOUT_MISSING_PROTOTYPES = YES;
				GCC_WARN_ABOUT_RETURN_TYPE = YES;
				GCC_WARN_UNUSED_VARIABLE = YES;
				INFOPLIST_FILE = "";
				INSTALL_PATH = "$(LOCAL_LIBRARY_DIR)/Bundles";
				LINK_WITH_STANDARD_LIBRARIES = NO;
				MACH_O_TYPE = mh_object;
				MACOSX_DEPLOYMENT_TARGET = 10.7;
				ONLY_ACTIVE_ARCH = NO;
				OTHER_LDFLAGS = "-ObjC";
				PRECOMPS_INCLUDE_HEADERS_FROM_BUILT_PRODUCTS_DIR = NO;
				PRODUCT_NAME = "$(TARGET_NAME)";
				SDKROOT = iphoneos;
				VALID_ARCHS = "$(ARCHS_STANDARD_32_BIT)";
				WRAPPER_EXTENSION = framework;
			};
			name = Debug;
		};
		BC49C43E14E05A8200BE88D2 /* Release */ = {
			isa = XCBuildConfiguration;
			buildSettings = {
				ALWAYS_SEARCH_USER_PATHS = NO;
				ARCHS = "$(ARCHS_STANDARD_32_BIT)";
				COPY_PHASE_STRIP = YES;
				DEAD_CODE_STRIPPING = NO;
				DEBUG_INFORMATION_FORMAT = "dwarf-with-dsym";
				GCC_C_LANGUAGE_STANDARD = gnu99;
				GCC_ENABLE_OBJC_EXCEPTIONS = YES;
				GCC_GENERATE_DEBUGGING_SYMBOLS = NO;
				GCC_PRECOMPILE_PREFIX_HEADER = NO;
				GCC_PREFIX_HEADER = "";
				GCC_VERSION = com.apple.compilers.llvm.clang.1_0;
				GCC_WARN_64_TO_32_BIT_CONVERSION = YES;
				GCC_WARN_ABOUT_MISSING_PROTOTYPES = YES;
				GCC_WARN_ABOUT_RETURN_TYPE = YES;
				GCC_WARN_UNUSED_VARIABLE = YES;
				INFOPLIST_FILE = "";
				INSTALL_PATH = "$(LOCAL_LIBRARY_DIR)/Bundles";
				LINK_WITH_STANDARD_LIBRARIES = NO;
				MACH_O_TYPE = mh_object;
				MACOSX_DEPLOYMENT_TARGET = 10.7;
				ONLY_ACTIVE_ARCH = NO;
				OTHER_LDFLAGS = "-ObjC";
				PRECOMPS_INCLUDE_HEADERS_FROM_BUILT_PRODUCTS_DIR = NO;
				PRODUCT_NAME = "$(TARGET_NAME)";
				SDKROOT = iphoneos;
				VALID_ARCHS = "$(ARCHS_STANDARD_32_BIT)";
				WRAPPER_EXTENSION = framework;
			};
			name = Release;
		};
		BC49C45314E05CC600BE88D2 /* Debug */ = {
			isa = XCBuildConfiguration;
			buildSettings = {
				PRODUCT_NAME = "$(TARGET_NAME)";
			};
			name = Debug;
		};
		BC49C45414E05CC600BE88D2 /* Release */ = {
			isa = XCBuildConfiguration;
			buildSettings = {
				PRODUCT_NAME = "$(TARGET_NAME)";
			};
			name = Release;
		};
		BC76516814E0706800559503 /* Debug */ = {
			isa = XCBuildConfiguration;
			buildSettings = {
				ALWAYS_SEARCH_USER_PATHS = NO;
				ARCHS = "$(ARCHS_STANDARD_32_BIT)";
				COPY_PHASE_STRIP = NO;
				FRAMEWORK_SEARCH_PATHS = (
					"$(SDKROOT)/Developer/Library/Frameworks",
					"$(DEVELOPER_LIBRARY_DIR)/Frameworks",
					"\"$(SRCROOT)/Vendor/Test\"",
					"\"$(SRCROOT)/Products\"",
					"\"$(SRCROOT)/artifacts\"",
					"\"$(SRCROOT)/external/Test\"",
				);
				GCC_C_LANGUAGE_STANDARD = gnu99;
				GCC_DYNAMIC_NO_PIC = NO;
				GCC_OPTIMIZATION_LEVEL = 0;
				GCC_PRECOMPILE_PREFIX_HEADER = NO;
				GCC_PREFIX_HEADER = "";
				GCC_PREPROCESSOR_DEFINITIONS = (
					"DEBUG=1",
					"$(inherited)",
				);
				GCC_SYMBOLS_PRIVATE_EXTERN = NO;
				GCC_VERSION = com.apple.compilers.llvm.clang.1_0;
				GCC_WARN_ABOUT_MISSING_PROTOTYPES = YES;
				GCC_WARN_ABOUT_RETURN_TYPE = YES;
				GCC_WARN_UNUSED_VARIABLE = YES;
				INFOPLIST_FILE = "";
				IPHONEOS_DEPLOYMENT_TARGET = 5.0;
				LIBRARY_SEARCH_PATHS = (
					"$(inherited)",
					"\"$(SRCROOT)/Vendor/Test/OCMock\"",
					"\"$(SRCROOT)/external/Test/OCMock\"",
				);
				PRODUCT_NAME = "$(TARGET_NAME)";
				SDKROOT = iphoneos;
				TEST_AFTER_BUILD = YES;
				WRAPPER_EXTENSION = octest;
			};
			name = Debug;
		};
		BC76516914E0706800559503 /* Release */ = {
			isa = XCBuildConfiguration;
			buildSettings = {
				ALWAYS_SEARCH_USER_PATHS = NO;
				ARCHS = "$(ARCHS_STANDARD_32_BIT)";
				COPY_PHASE_STRIP = YES;
				FRAMEWORK_SEARCH_PATHS = (
					"$(SDKROOT)/Developer/Library/Frameworks",
					"$(DEVELOPER_LIBRARY_DIR)/Frameworks",
					"\"$(SRCROOT)/Vendor/Test\"",
					"\"$(SRCROOT)/Products\"",
					"\"$(SRCROOT)/artifacts\"",
					"\"$(SRCROOT)/external/Test\"",
				);
				GCC_C_LANGUAGE_STANDARD = gnu99;
				GCC_PRECOMPILE_PREFIX_HEADER = NO;
				GCC_PREFIX_HEADER = "";
				GCC_VERSION = com.apple.compilers.llvm.clang.1_0;
				GCC_WARN_ABOUT_MISSING_PROTOTYPES = YES;
				GCC_WARN_ABOUT_RETURN_TYPE = YES;
				GCC_WARN_UNUSED_VARIABLE = YES;
				INFOPLIST_FILE = "";
				IPHONEOS_DEPLOYMENT_TARGET = 5.0;
				LIBRARY_SEARCH_PATHS = (
					"$(inherited)",
					"\"$(SRCROOT)/Vendor/Test/OCMock\"",
					"\"$(SRCROOT)/external/Test/OCMock\"",
				);
				PRODUCT_NAME = "$(TARGET_NAME)";
				SDKROOT = iphoneos;
				TEST_AFTER_BUILD = YES;
				VALIDATE_PRODUCT = YES;
				WRAPPER_EXTENSION = octest;
			};
			name = Release;
		};
/* End XCBuildConfiguration section */

/* Begin XCConfigurationList section */
		BC49C42814E05A5800BE88D2 /* Build configuration list for PBXProject "OCTotallyLazy" */ = {
			isa = XCConfigurationList;
			buildConfigurations = (
				BC49C42A14E05A5800BE88D2 /* Debug */,
				BC49C42B14E05A5800BE88D2 /* Release */,
			);
			defaultConfigurationIsVisible = 0;
			defaultConfigurationName = Release;
		};
		BC49C43C14E05A8200BE88D2 /* Build configuration list for PBXNativeTarget "OCTotallyLazy" */ = {
			isa = XCConfigurationList;
			buildConfigurations = (
				BC49C43D14E05A8200BE88D2 /* Debug */,
				BC49C43E14E05A8200BE88D2 /* Release */,
			);
			defaultConfigurationIsVisible = 0;
			defaultConfigurationName = Release;
		};
		BC49C45214E05CC600BE88D2 /* Build configuration list for PBXAggregateTarget "package" */ = {
			isa = XCConfigurationList;
			buildConfigurations = (
				BC49C45314E05CC600BE88D2 /* Debug */,
				BC49C45414E05CC600BE88D2 /* Release */,
			);
			defaultConfigurationIsVisible = 0;
			defaultConfigurationName = Release;
		};
		BC76516714E0706800559503 /* Build configuration list for PBXNativeTarget "test-unit" */ = {
			isa = XCConfigurationList;
			buildConfigurations = (
				BC76516814E0706800559503 /* Debug */,
				BC76516914E0706800559503 /* Release */,
			);
			defaultConfigurationIsVisible = 0;
			defaultConfigurationName = Release;
		};
/* End XCConfigurationList section */
	};
	rootObject = BC49C42514E05A5800BE88D2 /* Project object */;
}
